// !$*UTF8*$!
{
	archiveVersion = 1;
	classes = {
	};
	objectVersion = 48;
	objects = {

/* Begin PBXBuildFile section */
		180E22AF2061282C00FF21BB /* timg.jpeg in Resources */ = {isa = PBXBuildFile; fileRef = 180E22AE2061282C00FF21BB /* timg.jpeg */; };
		180E22B220614B5600FF21BB /* PIHomeOrderController.m in Sources */ = {isa = PBXBuildFile; fileRef = 180E22B120614B5600FF21BB /* PIHomeOrderController.m */; };
		180E22B82061557000FF21BB /* UIImage+Extension.m in Sources */ = {isa = PBXBuildFile; fileRef = 180E22B72061557000FF21BB /* UIImage+Extension.m */; };
		180E22C120628B7500FF21BB /* PIForgetViewController.m in Sources */ = {isa = PBXBuildFile; fileRef = 180E22C020628B7500FF21BB /* PIForgetViewController.m */; };
		180E22C42062922700FF21BB /* PILoginField.m in Sources */ = {isa = PBXBuildFile; fileRef = 180E22C32062922700FF21BB /* PILoginField.m */; };
		183A1FB4201EC88B00F8B55F /* ParkingTests.m in Sources */ = {isa = PBXBuildFile; fileRef = 183A1FB3201EC88B00F8B55F /* ParkingTests.m */; };
		183A1FBF201EC88B00F8B55F /* ParkingUITests.m in Sources */ = {isa = PBXBuildFile; fileRef = 183A1FBE201EC88B00F8B55F /* ParkingUITests.m */; };
		183C6699206A73C100908E21 /* AlipaySDK.bundle in Resources */ = {isa = PBXBuildFile; fileRef = 183C6697206A73C100908E21 /* AlipaySDK.bundle */; };
		183C669A206A73C100908E21 /* AlipaySDK.framework in Frameworks */ = {isa = PBXBuildFile; fileRef = 183C6698206A73C100908E21 /* AlipaySDK.framework */; };
		183C669C206A741400908E21 /* libc++.tbd in Frameworks */ = {isa = PBXBuildFile; fileRef = 183C669B206A741400908E21 /* libc++.tbd */; };
		183C669E206A742900908E21 /* libz.tbd in Frameworks */ = {isa = PBXBuildFile; fileRef = 183C669D206A742900908E21 /* libz.tbd */; };
		183C66A0206A743400908E21 /* SystemConfiguration.framework in Frameworks */ = {isa = PBXBuildFile; fileRef = 183C669F206A743400908E21 /* SystemConfiguration.framework */; };
		183C66A2206A744D00908E21 /* CoreTelephony.framework in Frameworks */ = {isa = PBXBuildFile; fileRef = 183C66A1206A744D00908E21 /* CoreTelephony.framework */; };
		183C66A4206A759E00908E21 /* QuartzCore.framework in Frameworks */ = {isa = PBXBuildFile; fileRef = 183C66A3206A759E00908E21 /* QuartzCore.framework */; };
		183C66A6206A75AF00908E21 /* CoreText.framework in Frameworks */ = {isa = PBXBuildFile; fileRef = 183C66A5206A75AF00908E21 /* CoreText.framework */; };
		183C66A8206A75CE00908E21 /* CoreGraphics.framework in Frameworks */ = {isa = PBXBuildFile; fileRef = 183C66A7206A75CE00908E21 /* CoreGraphics.framework */; };
		183C66AA206A75E100908E21 /* UIKit.framework in Frameworks */ = {isa = PBXBuildFile; fileRef = 183C66A9206A75E100908E21 /* UIKit.framework */; };
		183C66AC206A75F400908E21 /* Foundation.framework in Frameworks */ = {isa = PBXBuildFile; fileRef = 183C66AB206A75F400908E21 /* Foundation.framework */; };
		183C66AE206A760100908E21 /* CFNetwork.framework in Frameworks */ = {isa = PBXBuildFile; fileRef = 183C66AD206A760100908E21 /* CFNetwork.framework */; };
		183C66B0206A761B00908E21 /* CoreMotion.framework in Frameworks */ = {isa = PBXBuildFile; fileRef = 183C66AF206A761B00908E21 /* CoreMotion.framework */; };
		1845B36D206D1725007B3FE2 /* PIComCertifiController.m in Sources */ = {isa = PBXBuildFile; fileRef = 1845B36C206D1725007B3FE2 /* PIComCertifiController.m */; };
		1845B370206D1822007B3FE2 /* PIComCertiHeaderView.m in Sources */ = {isa = PBXBuildFile; fileRef = 1845B36F206D1822007B3FE2 /* PIComCertiHeaderView.m */; };
		1845B373206D2059007B3FE2 /* PILeftImageBtn.m in Sources */ = {isa = PBXBuildFile; fileRef = 1845B372206D2059007B3FE2 /* PILeftImageBtn.m */; };
		1845B376206D2171007B3FE2 /* PIComCerBtnCell.m in Sources */ = {isa = PBXBuildFile; fileRef = 1845B375206D2171007B3FE2 /* PIComCerBtnCell.m */; };
		1845B379206D2511007B3FE2 /* PIComCerNumberCell.m in Sources */ = {isa = PBXBuildFile; fileRef = 1845B378206D2511007B3FE2 /* PIComCerNumberCell.m */; };
		1845B37C206D2C53007B3FE2 /* PIComCerShareCell.m in Sources */ = {isa = PBXBuildFile; fileRef = 1845B37B206D2C53007B3FE2 /* PIComCerShareCell.m */; };
		18B095AC204C606400871845 /* PIMeViewController.m in Sources */ = {isa = PBXBuildFile; fileRef = 18B095A9204C606400871845 /* PIMeViewController.m */; };
		18B095B3204C60AD00871845 /* PIOrderViewController.m in Sources */ = {isa = PBXBuildFile; fileRef = 18B095B0204C60AD00871845 /* PIOrderViewController.m */; };
		18B095CC204C61CD00871845 /* PIAddDeviceController.m in Sources */ = {isa = PBXBuildFile; fileRef = 18B095B8204C61CD00871845 /* PIAddDeviceController.m */; };
		18B095CD204C61CD00871845 /* PIAddSubViewController.m in Sources */ = {isa = PBXBuildFile; fileRef = 18B095BA204C61CD00871845 /* PIAddSubViewController.m */; };
		18B095CE204C61CD00871845 /* PIAddSubViewCell.m in Sources */ = {isa = PBXBuildFile; fileRef = 18B095BE204C61CD00871845 /* PIAddSubViewCell.m */; };
		18B095CF204C61CD00871845 /* PIHomeViewController.m in Sources */ = {isa = PBXBuildFile; fileRef = 18B095C1204C61CD00871845 /* PIHomeViewController.m */; };
		18B095D0204C61CD00871845 /* PIHomeBottomView.m in Sources */ = {isa = PBXBuildFile; fileRef = 18B095C5204C61CD00871845 /* PIHomeBottomView.m */; };
		18B095D1204C61CD00871845 /* PIHomeItemCell.m in Sources */ = {isa = PBXBuildFile; fileRef = 18B095C7204C61CD00871845 /* PIHomeItemCell.m */; };
		18B095D2204C61CD00871845 /* PIHomeItemView.m in Sources */ = {isa = PBXBuildFile; fileRef = 18B095C9204C61CD00871845 /* PIHomeItemView.m */; };
		18B095D3204C61CD00871845 /* PIHomeMainView.m in Sources */ = {isa = PBXBuildFile; fileRef = 18B095CB204C61CD00871845 /* PIHomeMainView.m */; };
		18B095E7204C622600871845 /* PILoginViewController.m in Sources */ = {isa = PBXBuildFile; fileRef = 18B095D7204C622600871845 /* PILoginViewController.m */; };
		18B095E8204C622600871845 /* PIRegisterViewController.m in Sources */ = {isa = PBXBuildFile; fileRef = 18B095D9204C622600871845 /* PIRegisterViewController.m */; };
		18B095E9204C622600871845 /* PISetPassWViewController.m in Sources */ = {isa = PBXBuildFile; fileRef = 18B095DB204C622600871845 /* PISetPassWViewController.m */; };
		18B095EA204C622600871845 /* PILoginManager.m in Sources */ = {isa = PBXBuildFile; fileRef = 18B095DE204C622600871845 /* PILoginManager.m */; };
		18B095EB204C622600871845 /* PILoginFieldView.m in Sources */ = {isa = PBXBuildFile; fileRef = 18B095E2204C622600871845 /* PILoginFieldView.m */; };
		18B095EC204C622600871845 /* PIThirdLoginView.m in Sources */ = {isa = PBXBuildFile; fileRef = 18B095E4204C622600871845 /* PIThirdLoginView.m */; };
		18B095ED204C622600871845 /* PIVerificationBtn.m in Sources */ = {isa = PBXBuildFile; fileRef = 18B095E6204C622600871845 /* PIVerificationBtn.m */; };
		18B09605204C626000871845 /* PICodeViewController.m in Sources */ = {isa = PBXBuildFile; fileRef = 18B095F1204C626000871845 /* PICodeViewController.m */; };
		18B09606204C626000871845 /* shaoma.png in Resources */ = {isa = PBXBuildFile; fileRef = 18B095F2204C626000871845 /* shaoma.png */; };
		18B09607204C626000871845 /* shaoma@2x.png in Resources */ = {isa = PBXBuildFile; fileRef = 18B095F3204C626000871845 /* shaoma@2x.png */; };
		18B09608204C626000871845 /* shaoma@3x.png in Resources */ = {isa = PBXBuildFile; fileRef = 18B095F4204C626000871845 /* shaoma@3x.png */; };
		18B09609204C626000871845 /* shaomacenter.png in Resources */ = {isa = PBXBuildFile; fileRef = 18B095F5204C626000871845 /* shaomacenter.png */; };
		18B0960A204C626000871845 /* shaomacenter@2x.png in Resources */ = {isa = PBXBuildFile; fileRef = 18B095F6204C626000871845 /* shaomacenter@2x.png */; };
		18B0960B204C626000871845 /* shaomacenter@3x.png in Resources */ = {isa = PBXBuildFile; fileRef = 18B095F7204C626000871845 /* shaomacenter@3x.png */; };
		18B0960C204C626000871845 /* PIHttpTool.m in Sources */ = {isa = PBXBuildFile; fileRef = 18B095FA204C626000871845 /* PIHttpTool.m */; };
		18B0960D204C626000871845 /* PILocationTool.m in Sources */ = {isa = PBXBuildFile; fileRef = 18B095FD204C626000871845 /* PILocationTool.m */; };
		18B0960E204C626000871845 /* PIMapManager.m in Sources */ = {isa = PBXBuildFile; fileRef = 18B095FF204C626000871845 /* PIMapManager.m */; };
		18B0960F204C626000871845 /* PITool.m in Sources */ = {isa = PBXBuildFile; fileRef = 18B09601204C626000871845 /* PITool.m */; };
		18B09610204C626000871845 /* PILoginInfoTool.m in Sources */ = {isa = PBXBuildFile; fileRef = 18B09604204C626000871845 /* PILoginInfoTool.m */; };
		18B09632204C629E00871845 /* PIBaseViewController.m in Sources */ = {isa = PBXBuildFile; fileRef = 18B09615204C629E00871845 /* PIBaseViewController.m */; };
		18B09633204C629E00871845 /* PINavigationController.m in Sources */ = {isa = PBXBuildFile; fileRef = 18B09617204C629E00871845 /* PINavigationController.m */; };
		18B09634204C629E00871845 /* PITabBarController.m in Sources */ = {isa = PBXBuildFile; fileRef = 18B09619204C629E00871845 /* PITabBarController.m */; };
		18B09635204C629E00871845 /* PIBaseModel.m in Sources */ = {isa = PBXBuildFile; fileRef = 18B0961C204C629E00871845 /* PIBaseModel.m */; };
		18B09636204C629E00871845 /* PIBottomBtn.m in Sources */ = {isa = PBXBuildFile; fileRef = 18B0961F204C629E00871845 /* PIBottomBtn.m */; };
		18B09637204C629E00871845 /* AppDelegate+PIExtension.m in Sources */ = {isa = PBXBuildFile; fileRef = 18B09622204C629E00871845 /* AppDelegate+PIExtension.m */; };
		18B09638204C629E00871845 /* MBProgressHUD+PI.m in Sources */ = {isa = PBXBuildFile; fileRef = 18B09624204C629E00871845 /* MBProgressHUD+PI.m */; };
		18B09639204C629E00871845 /* NSString+Exrtension.m in Sources */ = {isa = PBXBuildFile; fileRef = 18B09626204C629E00871845 /* NSString+Exrtension.m */; };
		18B0963A204C629E00871845 /* UIBarButtonItem+PI.m in Sources */ = {isa = PBXBuildFile; fileRef = 18B09628204C629E00871845 /* UIBarButtonItem+PI.m */; };
		18B0963B204C629E00871845 /* UIButton+Extension.m in Sources */ = {isa = PBXBuildFile; fileRef = 18B0962A204C629E00871845 /* UIButton+Extension.m */; };
		18B0963C204C629E00871845 /* UILabel+Extension.m in Sources */ = {isa = PBXBuildFile; fileRef = 18B0962C204C629E00871845 /* UILabel+Extension.m */; };
		18B0963D204C629E00871845 /* UIView+ParentController.m in Sources */ = {isa = PBXBuildFile; fileRef = 18B0962E204C629E00871845 /* UIView+ParentController.m */; };
		18B0963E204C629E00871845 /* UIView+PIExtension.m in Sources */ = {isa = PBXBuildFile; fileRef = 18B09630204C629E00871845 /* UIView+PIExtension.m */; };
		18B0966B204C652300871845 /* AppDelegate.m in Sources */ = {isa = PBXBuildFile; fileRef = 18B09666204C652300871845 /* AppDelegate.m */; };
		18B0966C204C652300871845 /* PIConst.m in Sources */ = {isa = PBXBuildFile; fileRef = 18B09669204C652300871845 /* PIConst.m */; };
		18B09675204C65D700871845 /* Assets.xcassets in Resources */ = {isa = PBXBuildFile; fileRef = 18B0966E204C65D700871845 /* Assets.xcassets */; };
		18B09676204C65D700871845 /* LaunchScreen.storyboard in Resources */ = {isa = PBXBuildFile; fileRef = 18B0966F204C65D700871845 /* LaunchScreen.storyboard */; };
		18B09677204C65D700871845 /* Main.storyboard in Resources */ = {isa = PBXBuildFile; fileRef = 18B09671204C65D700871845 /* Main.storyboard */; };
		18B09678204C65D700871845 /* keystore.cer in Resources */ = {isa = PBXBuildFile; fileRef = 18B09673204C65D700871845 /* keystore.cer */; };
		18B09679204C65D700871845 /* main.m in Sources */ = {isa = PBXBuildFile; fileRef = 18B09674204C65D700871845 /* main.m */; };
		18B0967B204C668000871845 /* Info.plist in Resources */ = {isa = PBXBuildFile; fileRef = 18B0967A204C668000871845 /* Info.plist */; };
		18B096A3204D668E00871845 /* PIAddPayViewController.m in Sources */ = {isa = PBXBuildFile; fileRef = 18B096A2204D668E00871845 /* PIAddPayViewController.m */; };
		18B096A6204D6B2500871845 /* PIAddPayViewCell.m in Sources */ = {isa = PBXBuildFile; fileRef = 18B096A5204D6B2500871845 /* PIAddPayViewCell.m */; };
		18B096A9204D80D700871845 /* PIAddNoOwerController.m in Sources */ = {isa = PBXBuildFile; fileRef = 18B096A8204D80D700871845 /* PIAddNoOwerController.m */; };
		18B096AC204D812300871845 /* PIAddNoOwerHeaderView.m in Sources */ = {isa = PBXBuildFile; fileRef = 18B096AB204D812300871845 /* PIAddNoOwerHeaderView.m */; };
		18B096B2204D9C8000871845 /* PIAddCarHeaderView.m in Sources */ = {isa = PBXBuildFile; fileRef = 18B096B1204D9C8000871845 /* PIAddCarHeaderView.m */; };
		18B096DD204EC3D700871845 /* PIAddWisedomeCarCell.m in Sources */ = {isa = PBXBuildFile; fileRef = 18B096DC204EC3D700871845 /* PIAddWisedomeCarCell.m */; };
		18B096E0204ECC3500871845 /* PICarNumCell.m in Sources */ = {isa = PBXBuildFile; fileRef = 18B096DF204ECC3500871845 /* PICarNumCell.m */; };
		18B096E3204ED2CC00871845 /* PIAddPersonCell.m in Sources */ = {isa = PBXBuildFile; fileRef = 18B096E2204ED2CC00871845 /* PIAddPersonCell.m */; };
		18B096E6204EDAFA00871845 /* PIImageUpBtn.m in Sources */ = {isa = PBXBuildFile; fileRef = 18B096E5204EDAFA00871845 /* PIImageUpBtn.m */; };
		18B0970520518CEF00871845 /* UITableViewCell+Extension.m in Sources */ = {isa = PBXBuildFile; fileRef = 18B0970420518CEE00871845 /* UITableViewCell+Extension.m */; };
		18B0970C20518E2B00871845 /* PIPersonalController.m in Sources */ = {isa = PBXBuildFile; fileRef = 18B0970B20518E2B00871845 /* PIPersonalController.m */; };
		F060CE10D439F1EE5A0EFB29 /* libPods-Parking.a in Frameworks */ = {isa = PBXBuildFile; fileRef = AB5728185F18F73085A448AB /* libPods-Parking.a */; };
/* End PBXBuildFile section */

/* Begin PBXContainerItemProxy section */
		183A1FB0201EC88B00F8B55F /* PBXContainerItemProxy */ = {
			isa = PBXContainerItemProxy;
			containerPortal = 183A1F8F201EC88B00F8B55F /* Project object */;
			proxyType = 1;
			remoteGlobalIDString = 183A1F96201EC88B00F8B55F;
			remoteInfo = Parking;
		};
		183A1FBB201EC88B00F8B55F /* PBXContainerItemProxy */ = {
			isa = PBXContainerItemProxy;
			containerPortal = 183A1F8F201EC88B00F8B55F /* Project object */;
			proxyType = 1;
			remoteGlobalIDString = 183A1F96201EC88B00F8B55F;
			remoteInfo = Parking;
		};
/* End PBXContainerItemProxy section */

/* Begin PBXFileReference section */
		004A3E1F8EE38D86320430D9 /* Pods-Parking.release.xcconfig */ = {isa = PBXFileReference; includeInIndex = 1; lastKnownFileType = text.xcconfig; name = "Pods-Parking.release.xcconfig"; path = "Pods/Target Support Files/Pods-Parking/Pods-Parking.release.xcconfig"; sourceTree = "<group>"; };
		180E22AE2061282C00FF21BB /* timg.jpeg */ = {isa = PBXFileReference; lastKnownFileType = image.jpeg; path = timg.jpeg; sourceTree = "<group>"; };
		180E22B020614B5600FF21BB /* PIHomeOrderController.h */ = {isa = PBXFileReference; lastKnownFileType = sourcecode.c.h; path = PIHomeOrderController.h; sourceTree = "<group>"; };
		180E22B120614B5600FF21BB /* PIHomeOrderController.m */ = {isa = PBXFileReference; lastKnownFileType = sourcecode.c.objc; path = PIHomeOrderController.m; sourceTree = "<group>"; };
		180E22B62061557000FF21BB /* UIImage+Extension.h */ = {isa = PBXFileReference; lastKnownFileType = sourcecode.c.h; path = "UIImage+Extension.h"; sourceTree = "<group>"; };
		180E22B72061557000FF21BB /* UIImage+Extension.m */ = {isa = PBXFileReference; lastKnownFileType = sourcecode.c.objc; path = "UIImage+Extension.m"; sourceTree = "<group>"; };
		180E22BF20628B7500FF21BB /* PIForgetViewController.h */ = {isa = PBXFileReference; lastKnownFileType = sourcecode.c.h; path = PIForgetViewController.h; sourceTree = "<group>"; };
		180E22C020628B7500FF21BB /* PIForgetViewController.m */ = {isa = PBXFileReference; lastKnownFileType = sourcecode.c.objc; path = PIForgetViewController.m; sourceTree = "<group>"; };
		180E22C22062922700FF21BB /* PILoginField.h */ = {isa = PBXFileReference; lastKnownFileType = sourcecode.c.h; path = PILoginField.h; sourceTree = "<group>"; };
		180E22C32062922700FF21BB /* PILoginField.m */ = {isa = PBXFileReference; lastKnownFileType = sourcecode.c.objc; path = PILoginField.m; sourceTree = "<group>"; };
		183A1F97201EC88B00F8B55F /* Parking.app */ = {isa = PBXFileReference; explicitFileType = wrapper.application; includeInIndex = 0; path = Parking.app; sourceTree = BUILT_PRODUCTS_DIR; };
		183A1FAF201EC88B00F8B55F /* ParkingTests.xctest */ = {isa = PBXFileReference; explicitFileType = wrapper.cfbundle; includeInIndex = 0; path = ParkingTests.xctest; sourceTree = BUILT_PRODUCTS_DIR; };
		183A1FB3201EC88B00F8B55F /* ParkingTests.m */ = {isa = PBXFileReference; lastKnownFileType = sourcecode.c.objc; path = ParkingTests.m; sourceTree = "<group>"; };
		183A1FB5201EC88B00F8B55F /* Info.plist */ = {isa = PBXFileReference; lastKnownFileType = text.plist.xml; path = Info.plist; sourceTree = "<group>"; };
		183A1FBA201EC88B00F8B55F /* ParkingUITests.xctest */ = {isa = PBXFileReference; explicitFileType = wrapper.cfbundle; includeInIndex = 0; path = ParkingUITests.xctest; sourceTree = BUILT_PRODUCTS_DIR; };
		183A1FBE201EC88B00F8B55F /* ParkingUITests.m */ = {isa = PBXFileReference; lastKnownFileType = sourcecode.c.objc; path = ParkingUITests.m; sourceTree = "<group>"; };
		183A1FC0201EC88B00F8B55F /* Info.plist */ = {isa = PBXFileReference; lastKnownFileType = text.plist.xml; path = Info.plist; sourceTree = "<group>"; };
		183C6697206A73C100908E21 /* AlipaySDK.bundle */ = {isa = PBXFileReference; lastKnownFileType = "wrapper.plug-in"; path = AlipaySDK.bundle; sourceTree = "<group>"; };
		183C6698206A73C100908E21 /* AlipaySDK.framework */ = {isa = PBXFileReference; lastKnownFileType = wrapper.framework; path = AlipaySDK.framework; sourceTree = "<group>"; };
		183C669B206A741400908E21 /* libc++.tbd */ = {isa = PBXFileReference; lastKnownFileType = "sourcecode.text-based-dylib-definition"; name = "libc++.tbd"; path = "usr/lib/libc++.tbd"; sourceTree = SDKROOT; };
		183C669D206A742900908E21 /* libz.tbd */ = {isa = PBXFileReference; lastKnownFileType = "sourcecode.text-based-dylib-definition"; name = libz.tbd; path = usr/lib/libz.tbd; sourceTree = SDKROOT; };
		183C669F206A743400908E21 /* SystemConfiguration.framework */ = {isa = PBXFileReference; lastKnownFileType = wrapper.framework; name = SystemConfiguration.framework; path = System/Library/Frameworks/SystemConfiguration.framework; sourceTree = SDKROOT; };
		183C66A1206A744D00908E21 /* CoreTelephony.framework */ = {isa = PBXFileReference; lastKnownFileType = wrapper.framework; name = CoreTelephony.framework; path = System/Library/Frameworks/CoreTelephony.framework; sourceTree = SDKROOT; };
		183C66A3206A759E00908E21 /* QuartzCore.framework */ = {isa = PBXFileReference; lastKnownFileType = wrapper.framework; name = QuartzCore.framework; path = System/Library/Frameworks/QuartzCore.framework; sourceTree = SDKROOT; };
		183C66A5206A75AF00908E21 /* CoreText.framework */ = {isa = PBXFileReference; lastKnownFileType = wrapper.framework; name = CoreText.framework; path = System/Library/Frameworks/CoreText.framework; sourceTree = SDKROOT; };
		183C66A7206A75CE00908E21 /* CoreGraphics.framework */ = {isa = PBXFileReference; lastKnownFileType = wrapper.framework; name = CoreGraphics.framework; path = System/Library/Frameworks/CoreGraphics.framework; sourceTree = SDKROOT; };
		183C66A9206A75E100908E21 /* UIKit.framework */ = {isa = PBXFileReference; lastKnownFileType = wrapper.framework; name = UIKit.framework; path = System/Library/Frameworks/UIKit.framework; sourceTree = SDKROOT; };
		183C66AB206A75F400908E21 /* Foundation.framework */ = {isa = PBXFileReference; lastKnownFileType = wrapper.framework; name = Foundation.framework; path = System/Library/Frameworks/Foundation.framework; sourceTree = SDKROOT; };
		183C66AD206A760100908E21 /* CFNetwork.framework */ = {isa = PBXFileReference; lastKnownFileType = wrapper.framework; name = CFNetwork.framework; path = System/Library/Frameworks/CFNetwork.framework; sourceTree = SDKROOT; };
		183C66AF206A761B00908E21 /* CoreMotion.framework */ = {isa = PBXFileReference; lastKnownFileType = wrapper.framework; name = CoreMotion.framework; path = System/Library/Frameworks/CoreMotion.framework; sourceTree = SDKROOT; };
		1845B36B206D1725007B3FE2 /* PIComCertifiController.h */ = {isa = PBXFileReference; lastKnownFileType = sourcecode.c.h; path = PIComCertifiController.h; sourceTree = "<group>"; };
		1845B36C206D1725007B3FE2 /* PIComCertifiController.m */ = {isa = PBXFileReference; lastKnownFileType = sourcecode.c.objc; path = PIComCertifiController.m; sourceTree = "<group>"; };
		1845B36E206D1822007B3FE2 /* PIComCertiHeaderView.h */ = {isa = PBXFileReference; lastKnownFileType = sourcecode.c.h; path = PIComCertiHeaderView.h; sourceTree = "<group>"; };
		1845B36F206D1822007B3FE2 /* PIComCertiHeaderView.m */ = {isa = PBXFileReference; lastKnownFileType = sourcecode.c.objc; path = PIComCertiHeaderView.m; sourceTree = "<group>"; };
		1845B371206D2059007B3FE2 /* PILeftImageBtn.h */ = {isa = PBXFileReference; lastKnownFileType = sourcecode.c.h; path = PILeftImageBtn.h; sourceTree = "<group>"; };
		1845B372206D2059007B3FE2 /* PILeftImageBtn.m */ = {isa = PBXFileReference; lastKnownFileType = sourcecode.c.objc; path = PILeftImageBtn.m; sourceTree = "<group>"; };
		1845B374206D2171007B3FE2 /* PIComCerBtnCell.h */ = {isa = PBXFileReference; lastKnownFileType = sourcecode.c.h; path = PIComCerBtnCell.h; sourceTree = "<group>"; };
		1845B375206D2171007B3FE2 /* PIComCerBtnCell.m */ = {isa = PBXFileReference; lastKnownFileType = sourcecode.c.objc; path = PIComCerBtnCell.m; sourceTree = "<group>"; };
		1845B377206D2511007B3FE2 /* PIComCerNumberCell.h */ = {isa = PBXFileReference; lastKnownFileType = sourcecode.c.h; path = PIComCerNumberCell.h; sourceTree = "<group>"; };
		1845B378206D2511007B3FE2 /* PIComCerNumberCell.m */ = {isa = PBXFileReference; lastKnownFileType = sourcecode.c.objc; path = PIComCerNumberCell.m; sourceTree = "<group>"; };
		1845B37A206D2C53007B3FE2 /* PIComCerShareCell.h */ = {isa = PBXFileReference; lastKnownFileType = sourcecode.c.h; path = PIComCerShareCell.h; sourceTree = "<group>"; };
		1845B37B206D2C53007B3FE2 /* PIComCerShareCell.m */ = {isa = PBXFileReference; lastKnownFileType = sourcecode.c.objc; path = PIComCerShareCell.m; sourceTree = "<group>"; };
		18B095A8204C606400871845 /* PIMeViewController.h */ = {isa = PBXFileReference; fileEncoding = 4; lastKnownFileType = sourcecode.c.h; path = PIMeViewController.h; sourceTree = "<group>"; };
		18B095A9204C606400871845 /* PIMeViewController.m */ = {isa = PBXFileReference; fileEncoding = 4; lastKnownFileType = sourcecode.c.objc; path = PIMeViewController.m; sourceTree = "<group>"; };
		18B095AF204C60AD00871845 /* PIOrderViewController.h */ = {isa = PBXFileReference; fileEncoding = 4; lastKnownFileType = sourcecode.c.h; path = PIOrderViewController.h; sourceTree = "<group>"; };
		18B095B0204C60AD00871845 /* PIOrderViewController.m */ = {isa = PBXFileReference; fileEncoding = 4; lastKnownFileType = sourcecode.c.objc; path = PIOrderViewController.m; sourceTree = "<group>"; };
		18B095B7204C61CD00871845 /* PIAddDeviceController.h */ = {isa = PBXFileReference; fileEncoding = 4; lastKnownFileType = sourcecode.c.h; path = PIAddDeviceController.h; sourceTree = "<group>"; };
		18B095B8204C61CD00871845 /* PIAddDeviceController.m */ = {isa = PBXFileReference; fileEncoding = 4; lastKnownFileType = sourcecode.c.objc; path = PIAddDeviceController.m; sourceTree = "<group>"; };
		18B095B9204C61CD00871845 /* PIAddSubViewController.h */ = {isa = PBXFileReference; fileEncoding = 4; lastKnownFileType = sourcecode.c.h; path = PIAddSubViewController.h; sourceTree = "<group>"; };
		18B095BA204C61CD00871845 /* PIAddSubViewController.m */ = {isa = PBXFileReference; fileEncoding = 4; lastKnownFileType = sourcecode.c.objc; path = PIAddSubViewController.m; sourceTree = "<group>"; };
		18B095BD204C61CD00871845 /* PIAddSubViewCell.h */ = {isa = PBXFileReference; fileEncoding = 4; lastKnownFileType = sourcecode.c.h; path = PIAddSubViewCell.h; sourceTree = "<group>"; };
		18B095BE204C61CD00871845 /* PIAddSubViewCell.m */ = {isa = PBXFileReference; fileEncoding = 4; lastKnownFileType = sourcecode.c.objc; path = PIAddSubViewCell.m; sourceTree = "<group>"; };
		18B095C0204C61CD00871845 /* PIHomeViewController.h */ = {isa = PBXFileReference; fileEncoding = 4; lastKnownFileType = sourcecode.c.h; path = PIHomeViewController.h; sourceTree = "<group>"; };
		18B095C1204C61CD00871845 /* PIHomeViewController.m */ = {isa = PBXFileReference; fileEncoding = 4; lastKnownFileType = sourcecode.c.objc; path = PIHomeViewController.m; sourceTree = "<group>"; };
		18B095C4204C61CD00871845 /* PIHomeBottomView.h */ = {isa = PBXFileReference; fileEncoding = 4; lastKnownFileType = sourcecode.c.h; path = PIHomeBottomView.h; sourceTree = "<group>"; };
		18B095C5204C61CD00871845 /* PIHomeBottomView.m */ = {isa = PBXFileReference; fileEncoding = 4; lastKnownFileType = sourcecode.c.objc; path = PIHomeBottomView.m; sourceTree = "<group>"; };
		18B095C6204C61CD00871845 /* PIHomeItemCell.h */ = {isa = PBXFileReference; fileEncoding = 4; lastKnownFileType = sourcecode.c.h; path = PIHomeItemCell.h; sourceTree = "<group>"; };
		18B095C7204C61CD00871845 /* PIHomeItemCell.m */ = {isa = PBXFileReference; fileEncoding = 4; lastKnownFileType = sourcecode.c.objc; path = PIHomeItemCell.m; sourceTree = "<group>"; };
		18B095C8204C61CD00871845 /* PIHomeItemView.h */ = {isa = PBXFileReference; fileEncoding = 4; lastKnownFileType = sourcecode.c.h; path = PIHomeItemView.h; sourceTree = "<group>"; };
		18B095C9204C61CD00871845 /* PIHomeItemView.m */ = {isa = PBXFileReference; fileEncoding = 4; lastKnownFileType = sourcecode.c.objc; path = PIHomeItemView.m; sourceTree = "<group>"; };
		18B095CA204C61CD00871845 /* PIHomeMainView.h */ = {isa = PBXFileReference; fileEncoding = 4; lastKnownFileType = sourcecode.c.h; path = PIHomeMainView.h; sourceTree = "<group>"; };
		18B095CB204C61CD00871845 /* PIHomeMainView.m */ = {isa = PBXFileReference; fileEncoding = 4; lastKnownFileType = sourcecode.c.objc; path = PIHomeMainView.m; sourceTree = "<group>"; };
		18B095D6204C622600871845 /* PILoginViewController.h */ = {isa = PBXFileReference; fileEncoding = 4; lastKnownFileType = sourcecode.c.h; path = PILoginViewController.h; sourceTree = "<group>"; };
		18B095D7204C622600871845 /* PILoginViewController.m */ = {isa = PBXFileReference; fileEncoding = 4; lastKnownFileType = sourcecode.c.objc; path = PILoginViewController.m; sourceTree = "<group>"; };
		18B095D8204C622600871845 /* PIRegisterViewController.h */ = {isa = PBXFileReference; fileEncoding = 4; lastKnownFileType = sourcecode.c.h; path = PIRegisterViewController.h; sourceTree = "<group>"; };
		18B095D9204C622600871845 /* PIRegisterViewController.m */ = {isa = PBXFileReference; fileEncoding = 4; lastKnownFileType = sourcecode.c.objc; path = PIRegisterViewController.m; sourceTree = "<group>"; };
		18B095DA204C622600871845 /* PISetPassWViewController.h */ = {isa = PBXFileReference; fileEncoding = 4; lastKnownFileType = sourcecode.c.h; path = PISetPassWViewController.h; sourceTree = "<group>"; };
		18B095DB204C622600871845 /* PISetPassWViewController.m */ = {isa = PBXFileReference; fileEncoding = 4; lastKnownFileType = sourcecode.c.objc; path = PISetPassWViewController.m; sourceTree = "<group>"; };
		18B095DD204C622600871845 /* PILoginManager.h */ = {isa = PBXFileReference; fileEncoding = 4; lastKnownFileType = sourcecode.c.h; path = PILoginManager.h; sourceTree = "<group>"; };
		18B095DE204C622600871845 /* PILoginManager.m */ = {isa = PBXFileReference; fileEncoding = 4; lastKnownFileType = sourcecode.c.objc; path = PILoginManager.m; sourceTree = "<group>"; };
		18B095E1204C622600871845 /* PILoginFieldView.h */ = {isa = PBXFileReference; fileEncoding = 4; lastKnownFileType = sourcecode.c.h; path = PILoginFieldView.h; sourceTree = "<group>"; };
		18B095E2204C622600871845 /* PILoginFieldView.m */ = {isa = PBXFileReference; fileEncoding = 4; lastKnownFileType = sourcecode.c.objc; path = PILoginFieldView.m; sourceTree = "<group>"; };
		18B095E3204C622600871845 /* PIThirdLoginView.h */ = {isa = PBXFileReference; fileEncoding = 4; lastKnownFileType = sourcecode.c.h; path = PIThirdLoginView.h; sourceTree = "<group>"; };
		18B095E4204C622600871845 /* PIThirdLoginView.m */ = {isa = PBXFileReference; fileEncoding = 4; lastKnownFileType = sourcecode.c.objc; path = PIThirdLoginView.m; sourceTree = "<group>"; };
		18B095E5204C622600871845 /* PIVerificationBtn.h */ = {isa = PBXFileReference; fileEncoding = 4; lastKnownFileType = sourcecode.c.h; path = PIVerificationBtn.h; sourceTree = "<group>"; };
		18B095E6204C622600871845 /* PIVerificationBtn.m */ = {isa = PBXFileReference; fileEncoding = 4; lastKnownFileType = sourcecode.c.objc; path = PIVerificationBtn.m; sourceTree = "<group>"; };
		18B095F0204C626000871845 /* PICodeViewController.h */ = {isa = PBXFileReference; fileEncoding = 4; lastKnownFileType = sourcecode.c.h; path = PICodeViewController.h; sourceTree = "<group>"; };
		18B095F1204C626000871845 /* PICodeViewController.m */ = {isa = PBXFileReference; fileEncoding = 4; lastKnownFileType = sourcecode.c.objc; path = PICodeViewController.m; sourceTree = "<group>"; };
		18B095F2204C626000871845 /* shaoma.png */ = {isa = PBXFileReference; lastKnownFileType = image.png; path = shaoma.png; sourceTree = "<group>"; };
		18B095F3204C626000871845 /* shaoma@2x.png */ = {isa = PBXFileReference; lastKnownFileType = image.png; path = "shaoma@2x.png"; sourceTree = "<group>"; };
		18B095F4204C626000871845 /* shaoma@3x.png */ = {isa = PBXFileReference; lastKnownFileType = image.png; path = "shaoma@3x.png"; sourceTree = "<group>"; };
		18B095F5204C626000871845 /* shaomacenter.png */ = {isa = PBXFileReference; lastKnownFileType = image.png; path = shaomacenter.png; sourceTree = "<group>"; };
		18B095F6204C626000871845 /* shaomacenter@2x.png */ = {isa = PBXFileReference; lastKnownFileType = image.png; path = "shaomacenter@2x.png"; sourceTree = "<group>"; };
		18B095F7204C626000871845 /* shaomacenter@3x.png */ = {isa = PBXFileReference; lastKnownFileType = image.png; path = "shaomacenter@3x.png"; sourceTree = "<group>"; };
		18B095F9204C626000871845 /* PIHttpTool.h */ = {isa = PBXFileReference; fileEncoding = 4; lastKnownFileType = sourcecode.c.h; path = PIHttpTool.h; sourceTree = "<group>"; };
		18B095FA204C626000871845 /* PIHttpTool.m */ = {isa = PBXFileReference; fileEncoding = 4; lastKnownFileType = sourcecode.c.objc; path = PIHttpTool.m; sourceTree = "<group>"; };
		18B095FC204C626000871845 /* PILocationTool.h */ = {isa = PBXFileReference; fileEncoding = 4; lastKnownFileType = sourcecode.c.h; path = PILocationTool.h; sourceTree = "<group>"; };
		18B095FD204C626000871845 /* PILocationTool.m */ = {isa = PBXFileReference; fileEncoding = 4; lastKnownFileType = sourcecode.c.objc; path = PILocationTool.m; sourceTree = "<group>"; };
		18B095FE204C626000871845 /* PIMapManager.h */ = {isa = PBXFileReference; fileEncoding = 4; lastKnownFileType = sourcecode.c.h; path = PIMapManager.h; sourceTree = "<group>"; };
		18B095FF204C626000871845 /* PIMapManager.m */ = {isa = PBXFileReference; fileEncoding = 4; lastKnownFileType = sourcecode.c.objc; path = PIMapManager.m; sourceTree = "<group>"; };
		18B09600204C626000871845 /* PITool.h */ = {isa = PBXFileReference; fileEncoding = 4; lastKnownFileType = sourcecode.c.h; path = PITool.h; sourceTree = "<group>"; };
		18B09601204C626000871845 /* PITool.m */ = {isa = PBXFileReference; fileEncoding = 4; lastKnownFileType = sourcecode.c.objc; path = PITool.m; sourceTree = "<group>"; };
		18B09603204C626000871845 /* PILoginInfoTool.h */ = {isa = PBXFileReference; fileEncoding = 4; lastKnownFileType = sourcecode.c.h; path = PILoginInfoTool.h; sourceTree = "<group>"; };
		18B09604204C626000871845 /* PILoginInfoTool.m */ = {isa = PBXFileReference; fileEncoding = 4; lastKnownFileType = sourcecode.c.objc; path = PILoginInfoTool.m; sourceTree = "<group>"; };
		18B09614204C629E00871845 /* PIBaseViewController.h */ = {isa = PBXFileReference; fileEncoding = 4; lastKnownFileType = sourcecode.c.h; path = PIBaseViewController.h; sourceTree = "<group>"; };
		18B09615204C629E00871845 /* PIBaseViewController.m */ = {isa = PBXFileReference; fileEncoding = 4; lastKnownFileType = sourcecode.c.objc; path = PIBaseViewController.m; sourceTree = "<group>"; };
		18B09616204C629E00871845 /* PINavigationController.h */ = {isa = PBXFileReference; fileEncoding = 4; lastKnownFileType = sourcecode.c.h; path = PINavigationController.h; sourceTree = "<group>"; };
		18B09617204C629E00871845 /* PINavigationController.m */ = {isa = PBXFileReference; fileEncoding = 4; lastKnownFileType = sourcecode.c.objc; path = PINavigationController.m; sourceTree = "<group>"; };
		18B09618204C629E00871845 /* PITabBarController.h */ = {isa = PBXFileReference; fileEncoding = 4; lastKnownFileType = sourcecode.c.h; path = PITabBarController.h; sourceTree = "<group>"; };
		18B09619204C629E00871845 /* PITabBarController.m */ = {isa = PBXFileReference; fileEncoding = 4; lastKnownFileType = sourcecode.c.objc; path = PITabBarController.m; sourceTree = "<group>"; };
		18B0961B204C629E00871845 /* PIBaseModel.h */ = {isa = PBXFileReference; fileEncoding = 4; lastKnownFileType = sourcecode.c.h; path = PIBaseModel.h; sourceTree = "<group>"; };
		18B0961C204C629E00871845 /* PIBaseModel.m */ = {isa = PBXFileReference; fileEncoding = 4; lastKnownFileType = sourcecode.c.objc; path = PIBaseModel.m; sourceTree = "<group>"; };
		18B0961E204C629E00871845 /* PIBottomBtn.h */ = {isa = PBXFileReference; fileEncoding = 4; lastKnownFileType = sourcecode.c.h; path = PIBottomBtn.h; sourceTree = "<group>"; };
		18B0961F204C629E00871845 /* PIBottomBtn.m */ = {isa = PBXFileReference; fileEncoding = 4; lastKnownFileType = sourcecode.c.objc; path = PIBottomBtn.m; sourceTree = "<group>"; };
		18B09621204C629E00871845 /* AppDelegate+PIExtension.h */ = {isa = PBXFileReference; fileEncoding = 4; lastKnownFileType = sourcecode.c.h; path = "AppDelegate+PIExtension.h"; sourceTree = "<group>"; };
		18B09622204C629E00871845 /* AppDelegate+PIExtension.m */ = {isa = PBXFileReference; fileEncoding = 4; lastKnownFileType = sourcecode.c.objc; path = "AppDelegate+PIExtension.m"; sourceTree = "<group>"; };
		18B09623204C629E00871845 /* MBProgressHUD+PI.h */ = {isa = PBXFileReference; fileEncoding = 4; lastKnownFileType = sourcecode.c.h; path = "MBProgressHUD+PI.h"; sourceTree = "<group>"; };
		18B09624204C629E00871845 /* MBProgressHUD+PI.m */ = {isa = PBXFileReference; fileEncoding = 4; lastKnownFileType = sourcecode.c.objc; path = "MBProgressHUD+PI.m"; sourceTree = "<group>"; };
		18B09625204C629E00871845 /* NSString+Exrtension.h */ = {isa = PBXFileReference; fileEncoding = 4; lastKnownFileType = sourcecode.c.h; path = "NSString+Exrtension.h"; sourceTree = "<group>"; };
		18B09626204C629E00871845 /* NSString+Exrtension.m */ = {isa = PBXFileReference; fileEncoding = 4; lastKnownFileType = sourcecode.c.objc; path = "NSString+Exrtension.m"; sourceTree = "<group>"; };
		18B09627204C629E00871845 /* UIBarButtonItem+PI.h */ = {isa = PBXFileReference; fileEncoding = 4; lastKnownFileType = sourcecode.c.h; path = "UIBarButtonItem+PI.h"; sourceTree = "<group>"; };
		18B09628204C629E00871845 /* UIBarButtonItem+PI.m */ = {isa = PBXFileReference; fileEncoding = 4; lastKnownFileType = sourcecode.c.objc; path = "UIBarButtonItem+PI.m"; sourceTree = "<group>"; };
		18B09629204C629E00871845 /* UIButton+Extension.h */ = {isa = PBXFileReference; fileEncoding = 4; lastKnownFileType = sourcecode.c.h; path = "UIButton+Extension.h"; sourceTree = "<group>"; };
		18B0962A204C629E00871845 /* UIButton+Extension.m */ = {isa = PBXFileReference; fileEncoding = 4; lastKnownFileType = sourcecode.c.objc; path = "UIButton+Extension.m"; sourceTree = "<group>"; };
		18B0962B204C629E00871845 /* UILabel+Extension.h */ = {isa = PBXFileReference; fileEncoding = 4; lastKnownFileType = sourcecode.c.h; path = "UILabel+Extension.h"; sourceTree = "<group>"; };
		18B0962C204C629E00871845 /* UILabel+Extension.m */ = {isa = PBXFileReference; fileEncoding = 4; lastKnownFileType = sourcecode.c.objc; path = "UILabel+Extension.m"; sourceTree = "<group>"; };
		18B0962D204C629E00871845 /* UIView+ParentController.h */ = {isa = PBXFileReference; fileEncoding = 4; lastKnownFileType = sourcecode.c.h; path = "UIView+ParentController.h"; sourceTree = "<group>"; };
		18B0962E204C629E00871845 /* UIView+ParentController.m */ = {isa = PBXFileReference; fileEncoding = 4; lastKnownFileType = sourcecode.c.objc; path = "UIView+ParentController.m"; sourceTree = "<group>"; };
		18B0962F204C629E00871845 /* UIView+PIExtension.h */ = {isa = PBXFileReference; fileEncoding = 4; lastKnownFileType = sourcecode.c.h; path = "UIView+PIExtension.h"; sourceTree = "<group>"; };
		18B09630204C629E00871845 /* UIView+PIExtension.m */ = {isa = PBXFileReference; fileEncoding = 4; lastKnownFileType = sourcecode.c.objc; path = "UIView+PIExtension.m"; sourceTree = "<group>"; };
		18B09665204C652300871845 /* AppDelegate.h */ = {isa = PBXFileReference; fileEncoding = 4; lastKnownFileType = sourcecode.c.h; path = AppDelegate.h; sourceTree = "<group>"; };
		18B09666204C652300871845 /* AppDelegate.m */ = {isa = PBXFileReference; fileEncoding = 4; lastKnownFileType = sourcecode.c.objc; path = AppDelegate.m; sourceTree = "<group>"; };
		18B09667204C652300871845 /* parkingHeader.pch */ = {isa = PBXFileReference; fileEncoding = 4; lastKnownFileType = sourcecode.c.h; path = parkingHeader.pch; sourceTree = "<group>"; };
		18B09668204C652300871845 /* PIConst.h */ = {isa = PBXFileReference; fileEncoding = 4; lastKnownFileType = sourcecode.c.h; path = PIConst.h; sourceTree = "<group>"; };
		18B09669204C652300871845 /* PIConst.m */ = {isa = PBXFileReference; fileEncoding = 4; lastKnownFileType = sourcecode.c.objc; path = PIConst.m; sourceTree = "<group>"; };
		18B0966A204C652300871845 /* PIToolHeader.h */ = {isa = PBXFileReference; fileEncoding = 4; lastKnownFileType = sourcecode.c.h; path = PIToolHeader.h; sourceTree = "<group>"; };
		18B0966E204C65D700871845 /* Assets.xcassets */ = {isa = PBXFileReference; lastKnownFileType = folder.assetcatalog; path = Assets.xcassets; sourceTree = "<group>"; };
		18B09670204C65D700871845 /* Base */ = {isa = PBXFileReference; lastKnownFileType = file.storyboard; name = Base; path = Base.lproj/LaunchScreen.storyboard; sourceTree = "<group>"; };
		18B09672204C65D700871845 /* Base */ = {isa = PBXFileReference; lastKnownFileType = file.storyboard; name = Base; path = Base.lproj/Main.storyboard; sourceTree = "<group>"; };
		18B09673204C65D700871845 /* keystore.cer */ = {isa = PBXFileReference; lastKnownFileType = file; path = keystore.cer; sourceTree = "<group>"; };
		18B09674204C65D700871845 /* main.m */ = {isa = PBXFileReference; fileEncoding = 4; lastKnownFileType = sourcecode.c.objc; path = main.m; sourceTree = "<group>"; };
		18B0967A204C668000871845 /* Info.plist */ = {isa = PBXFileReference; fileEncoding = 4; lastKnownFileType = text.plist.xml; path = Info.plist; sourceTree = "<group>"; };
		18B096A1204D668E00871845 /* PIAddPayViewController.h */ = {isa = PBXFileReference; lastKnownFileType = sourcecode.c.h; path = PIAddPayViewController.h; sourceTree = "<group>"; };
		18B096A2204D668E00871845 /* PIAddPayViewController.m */ = {isa = PBXFileReference; lastKnownFileType = sourcecode.c.objc; path = PIAddPayViewController.m; sourceTree = "<group>"; };
		18B096A4204D6B2500871845 /* PIAddPayViewCell.h */ = {isa = PBXFileReference; lastKnownFileType = sourcecode.c.h; path = PIAddPayViewCell.h; sourceTree = "<group>"; };
		18B096A5204D6B2500871845 /* PIAddPayViewCell.m */ = {isa = PBXFileReference; lastKnownFileType = sourcecode.c.objc; path = PIAddPayViewCell.m; sourceTree = "<group>"; };
		18B096A7204D80D700871845 /* PIAddNoOwerController.h */ = {isa = PBXFileReference; lastKnownFileType = sourcecode.c.h; path = PIAddNoOwerController.h; sourceTree = "<group>"; };
		18B096A8204D80D700871845 /* PIAddNoOwerController.m */ = {isa = PBXFileReference; lastKnownFileType = sourcecode.c.objc; path = PIAddNoOwerController.m; sourceTree = "<group>"; };
		18B096AA204D812300871845 /* PIAddNoOwerHeaderView.h */ = {isa = PBXFileReference; lastKnownFileType = sourcecode.c.h; path = PIAddNoOwerHeaderView.h; sourceTree = "<group>"; };
		18B096AB204D812300871845 /* PIAddNoOwerHeaderView.m */ = {isa = PBXFileReference; lastKnownFileType = sourcecode.c.objc; path = PIAddNoOwerHeaderView.m; sourceTree = "<group>"; };
		18B096B0204D9C8000871845 /* PIAddCarHeaderView.h */ = {isa = PBXFileReference; lastKnownFileType = sourcecode.c.h; path = PIAddCarHeaderView.h; sourceTree = "<group>"; };
		18B096B1204D9C8000871845 /* PIAddCarHeaderView.m */ = {isa = PBXFileReference; lastKnownFileType = sourcecode.c.objc; path = PIAddCarHeaderView.m; sourceTree = "<group>"; };
		18B096DB204EC3D700871845 /* PIAddWisedomeCarCell.h */ = {isa = PBXFileReference; lastKnownFileType = sourcecode.c.h; path = PIAddWisedomeCarCell.h; sourceTree = "<group>"; };
		18B096DC204EC3D700871845 /* PIAddWisedomeCarCell.m */ = {isa = PBXFileReference; lastKnownFileType = sourcecode.c.objc; path = PIAddWisedomeCarCell.m; sourceTree = "<group>"; };
		18B096DE204ECC3500871845 /* PICarNumCell.h */ = {isa = PBXFileReference; lastKnownFileType = sourcecode.c.h; path = PICarNumCell.h; sourceTree = "<group>"; };
		18B096DF204ECC3500871845 /* PICarNumCell.m */ = {isa = PBXFileReference; lastKnownFileType = sourcecode.c.objc; path = PICarNumCell.m; sourceTree = "<group>"; };
		18B096E1204ED2CC00871845 /* PIAddPersonCell.h */ = {isa = PBXFileReference; lastKnownFileType = sourcecode.c.h; path = PIAddPersonCell.h; sourceTree = "<group>"; };
		18B096E2204ED2CC00871845 /* PIAddPersonCell.m */ = {isa = PBXFileReference; lastKnownFileType = sourcecode.c.objc; path = PIAddPersonCell.m; sourceTree = "<group>"; };
		18B096E4204EDAFA00871845 /* PIImageUpBtn.h */ = {isa = PBXFileReference; lastKnownFileType = sourcecode.c.h; path = PIImageUpBtn.h; sourceTree = "<group>"; };
		18B096E5204EDAFA00871845 /* PIImageUpBtn.m */ = {isa = PBXFileReference; lastKnownFileType = sourcecode.c.objc; path = PIImageUpBtn.m; sourceTree = "<group>"; };
		18B0970320518CEE00871845 /* UITableViewCell+Extension.h */ = {isa = PBXFileReference; lastKnownFileType = sourcecode.c.h; path = "UITableViewCell+Extension.h"; sourceTree = "<group>"; };
		18B0970420518CEE00871845 /* UITableViewCell+Extension.m */ = {isa = PBXFileReference; lastKnownFileType = sourcecode.c.objc; path = "UITableViewCell+Extension.m"; sourceTree = "<group>"; };
		18B0970A20518E2B00871845 /* PIPersonalController.h */ = {isa = PBXFileReference; lastKnownFileType = sourcecode.c.h; path = PIPersonalController.h; sourceTree = "<group>"; };
		18B0970B20518E2B00871845 /* PIPersonalController.m */ = {isa = PBXFileReference; lastKnownFileType = sourcecode.c.objc; path = PIPersonalController.m; sourceTree = "<group>"; };
		9349DDA0ABEC8A2A985E6235 /* Pods-Parking.debug.xcconfig */ = {isa = PBXFileReference; includeInIndex = 1; lastKnownFileType = text.xcconfig; name = "Pods-Parking.debug.xcconfig"; path = "Pods/Target Support Files/Pods-Parking/Pods-Parking.debug.xcconfig"; sourceTree = "<group>"; };
		AB5728185F18F73085A448AB /* libPods-Parking.a */ = {isa = PBXFileReference; explicitFileType = archive.ar; includeInIndex = 0; path = "libPods-Parking.a"; sourceTree = BUILT_PRODUCTS_DIR; };
/* End PBXFileReference section */

/* Begin PBXFrameworksBuildPhase section */
		183A1F94201EC88B00F8B55F /* Frameworks */ = {
			isa = PBXFrameworksBuildPhase;
			buildActionMask = 2147483647;
			files = (
				183C66B0206A761B00908E21 /* CoreMotion.framework in Frameworks */,
				183C66AE206A760100908E21 /* CFNetwork.framework in Frameworks */,
				183C66AC206A75F400908E21 /* Foundation.framework in Frameworks */,
				183C66AA206A75E100908E21 /* UIKit.framework in Frameworks */,
				183C66A8206A75CE00908E21 /* CoreGraphics.framework in Frameworks */,
				183C66A6206A75AF00908E21 /* CoreText.framework in Frameworks */,
				183C66A4206A759E00908E21 /* QuartzCore.framework in Frameworks */,
				183C66A2206A744D00908E21 /* CoreTelephony.framework in Frameworks */,
				183C66A0206A743400908E21 /* SystemConfiguration.framework in Frameworks */,
				183C669E206A742900908E21 /* libz.tbd in Frameworks */,
				183C669C206A741400908E21 /* libc++.tbd in Frameworks */,
				F060CE10D439F1EE5A0EFB29 /* libPods-Parking.a in Frameworks */,
				183C669A206A73C100908E21 /* AlipaySDK.framework in Frameworks */,
			);
			runOnlyForDeploymentPostprocessing = 0;
		};
		183A1FAC201EC88B00F8B55F /* Frameworks */ = {
			isa = PBXFrameworksBuildPhase;
			buildActionMask = 2147483647;
			files = (
			);
			runOnlyForDeploymentPostprocessing = 0;
		};
		183A1FB7201EC88B00F8B55F /* Frameworks */ = {
			isa = PBXFrameworksBuildPhase;
			buildActionMask = 2147483647;
			files = (
			);
			runOnlyForDeploymentPostprocessing = 0;
		};
/* End PBXFrameworksBuildPhase section */

/* Begin PBXGroup section */
		180E22AD205FE00F00FF21BB /* OrderData */ = {
			isa = PBXGroup;
			children = (
			);
			path = OrderData;
			sourceTree = "<group>";
		};
		183A1F8E201EC88B00F8B55F = {
			isa = PBXGroup;
			children = (
				183A1F99201EC88B00F8B55F /* Parking */,
				180E22AE2061282C00FF21BB /* timg.jpeg */,
				18B0966D204C65D700871845 /* Support Files */,
				183A1FB2201EC88B00F8B55F /* ParkingTests */,
				183A1FBD201EC88B00F8B55F /* ParkingUITests */,
				183A1F98201EC88B00F8B55F /* Products */,
				D541285D22CCB77B015369DC /* Pods */,
				2C868DF110EE56F0EB0EB620 /* Frameworks */,
			);
			sourceTree = "<group>";
		};
		183A1F98201EC88B00F8B55F /* Products */ = {
			isa = PBXGroup;
			children = (
				183A1F97201EC88B00F8B55F /* Parking.app */,
				183A1FAF201EC88B00F8B55F /* ParkingTests.xctest */,
				183A1FBA201EC88B00F8B55F /* ParkingUITests.xctest */,
			);
			name = Products;
			sourceTree = "<group>";
		};
		183A1F99201EC88B00F8B55F /* Parking */ = {
			isa = PBXGroup;
			children = (
				183A1FCC201EF41600F8B55F /* Classes */,
			);
			path = Parking;
			sourceTree = "<group>";
		};
		183A1FB2201EC88B00F8B55F /* ParkingTests */ = {
			isa = PBXGroup;
			children = (
				183A1FB3201EC88B00F8B55F /* ParkingTests.m */,
				183A1FB5201EC88B00F8B55F /* Info.plist */,
			);
			path = ParkingTests;
			sourceTree = "<group>";
		};
		183A1FBD201EC88B00F8B55F /* ParkingUITests */ = {
			isa = PBXGroup;
			children = (
				183A1FBE201EC88B00F8B55F /* ParkingUITests.m */,
				183A1FC0201EC88B00F8B55F /* Info.plist */,
			);
			path = ParkingUITests;
			sourceTree = "<group>";
		};
		183A1FCC201EF41600F8B55F /* Classes */ = {
			isa = PBXGroup;
			children = (
				1845B367206D16D1007B3FE2 /* Community(小区) */,
				18B0970620518DF400871845 /* Personal */,
				18B09664204C652300871845 /* Other */,
				18B09611204C629E00871845 /* Main */,
				18B095EE204C626000871845 /* Tool */,
				18B095D4204C622600871845 /* Login */,
				18B095B4204C61CD00871845 /* Home */,
				18B095AD204C60AD00871845 /* Order */,
				18B095A6204C606400871845 /* Me */,
			);
			path = Classes;
			sourceTree = "<group>";
		};
		183C6696206A73C100908E21 /* Alipay */ = {
			isa = PBXGroup;
			children = (
				183C6697206A73C100908E21 /* AlipaySDK.bundle */,
				183C6698206A73C100908E21 /* AlipaySDK.framework */,
			);
			path = Alipay;
			sourceTree = "<group>";
		};
		1845B367206D16D1007B3FE2 /* Community(小区) */ = {
			isa = PBXGroup;
			children = (
				1845B369206D1700007B3FE2 /* Controller */,
				1845B36A206D1700007B3FE2 /* Model */,
				1845B368206D16FF007B3FE2 /* View */,
			);
			path = "Community(小区)";
			sourceTree = "<group>";
		};
		1845B368206D16FF007B3FE2 /* View */ = {
			isa = PBXGroup;
			children = (
				1845B36E206D1822007B3FE2 /* PIComCertiHeaderView.h */,
				1845B36F206D1822007B3FE2 /* PIComCertiHeaderView.m */,
				1845B374206D2171007B3FE2 /* PIComCerBtnCell.h */,
				1845B375206D2171007B3FE2 /* PIComCerBtnCell.m */,
				1845B377206D2511007B3FE2 /* PIComCerNumberCell.h */,
				1845B378206D2511007B3FE2 /* PIComCerNumberCell.m */,
				1845B37A206D2C53007B3FE2 /* PIComCerShareCell.h */,
				1845B37B206D2C53007B3FE2 /* PIComCerShareCell.m */,
			);
			path = View;
			sourceTree = "<group>";
		};
		1845B369206D1700007B3FE2 /* Controller */ = {
			isa = PBXGroup;
			children = (
				1845B36B206D1725007B3FE2 /* PIComCertifiController.h */,
				1845B36C206D1725007B3FE2 /* PIComCertifiController.m */,
			);
			path = Controller;
			sourceTree = "<group>";
		};
		1845B36A206D1700007B3FE2 /* Model */ = {
			isa = PBXGroup;
			children = (
			);
			path = Model;
			sourceTree = "<group>";
		};
		18B095A6204C606400871845 /* Me */ = {
			isa = PBXGroup;
			children = (
				18B095A7204C606400871845 /* Controller */,
				18B095AA204C606400871845 /* Model */,
				18B095AB204C606400871845 /* View */,
			);
			path = Me;
			sourceTree = "<group>";
		};
		18B095A7204C606400871845 /* Controller */ = {
			isa = PBXGroup;
			children = (
				18B095A8204C606400871845 /* PIMeViewController.h */,
				18B095A9204C606400871845 /* PIMeViewController.m */,
			);
			path = Controller;
			sourceTree = "<group>";
		};
		18B095AA204C606400871845 /* Model */ = {
			isa = PBXGroup;
			children = (
			);
			path = Model;
			sourceTree = "<group>";
		};
		18B095AB204C606400871845 /* View */ = {
			isa = PBXGroup;
			children = (
			);
			path = View;
			sourceTree = "<group>";
		};
		18B095AD204C60AD00871845 /* Order */ = {
			isa = PBXGroup;
			children = (
				180E22AD205FE00F00FF21BB /* OrderData */,
				18B095AE204C60AD00871845 /* Controller */,
				18B095B1204C60AD00871845 /* Model */,
				18B095B2204C60AD00871845 /* View */,
			);
			path = Order;
			sourceTree = "<group>";
		};
		18B095AE204C60AD00871845 /* Controller */ = {
			isa = PBXGroup;
			children = (
				18B095AF204C60AD00871845 /* PIOrderViewController.h */,
				18B095B0204C60AD00871845 /* PIOrderViewController.m */,
			);
			path = Controller;
			sourceTree = "<group>";
		};
		18B095B1204C60AD00871845 /* Model */ = {
			isa = PBXGroup;
			children = (
			);
			path = Model;
			sourceTree = "<group>";
		};
		18B095B2204C60AD00871845 /* View */ = {
			isa = PBXGroup;
			children = (
			);
			path = View;
			sourceTree = "<group>";
		};
		18B095B4204C61CD00871845 /* Home */ = {
			isa = PBXGroup;
			children = (
				18B095B5204C61CD00871845 /* AddDevice */,
				18B095BF204C61CD00871845 /* Controller */,
				18B095C2204C61CD00871845 /* Model */,
				18B095C3204C61CD00871845 /* View */,
			);
			path = Home;
			sourceTree = "<group>";
		};
		18B095B5204C61CD00871845 /* AddDevice */ = {
			isa = PBXGroup;
			children = (
				18B095B6204C61CD00871845 /* Controller */,
				18B095BB204C61CD00871845 /* Model */,
				18B095BC204C61CD00871845 /* View */,
			);
			path = AddDevice;
			sourceTree = "<group>";
		};
		18B095B6204C61CD00871845 /* Controller */ = {
			isa = PBXGroup;
			children = (
				18B095B7204C61CD00871845 /* PIAddDeviceController.h */,
				18B095B8204C61CD00871845 /* PIAddDeviceController.m */,
				18B095B9204C61CD00871845 /* PIAddSubViewController.h */,
				18B095BA204C61CD00871845 /* PIAddSubViewController.m */,
				18B096A1204D668E00871845 /* PIAddPayViewController.h */,
				18B096A2204D668E00871845 /* PIAddPayViewController.m */,
				18B096A7204D80D700871845 /* PIAddNoOwerController.h */,
				18B096A8204D80D700871845 /* PIAddNoOwerController.m */,
			);
			path = Controller;
			sourceTree = "<group>";
		};
		18B095BB204C61CD00871845 /* Model */ = {
			isa = PBXGroup;
			children = (
			);
			path = Model;
			sourceTree = "<group>";
		};
		18B095BC204C61CD00871845 /* View */ = {
			isa = PBXGroup;
			children = (
				18B095BD204C61CD00871845 /* PIAddSubViewCell.h */,
				18B095BE204C61CD00871845 /* PIAddSubViewCell.m */,
				18B096A4204D6B2500871845 /* PIAddPayViewCell.h */,
				18B096A5204D6B2500871845 /* PIAddPayViewCell.m */,
				18B096AA204D812300871845 /* PIAddNoOwerHeaderView.h */,
				18B096AB204D812300871845 /* PIAddNoOwerHeaderView.m */,
				18B096B0204D9C8000871845 /* PIAddCarHeaderView.h */,
				18B096B1204D9C8000871845 /* PIAddCarHeaderView.m */,
				18B096DB204EC3D700871845 /* PIAddWisedomeCarCell.h */,
				18B096DC204EC3D700871845 /* PIAddWisedomeCarCell.m */,
				18B096DE204ECC3500871845 /* PICarNumCell.h */,
				18B096DF204ECC3500871845 /* PICarNumCell.m */,
				18B096E1204ED2CC00871845 /* PIAddPersonCell.h */,
				18B096E2204ED2CC00871845 /* PIAddPersonCell.m */,
			);
			path = View;
			sourceTree = "<group>";
		};
		18B095BF204C61CD00871845 /* Controller */ = {
			isa = PBXGroup;
			children = (
				18B095C0204C61CD00871845 /* PIHomeViewController.h */,
				18B095C1204C61CD00871845 /* PIHomeViewController.m */,
				180E22B020614B5600FF21BB /* PIHomeOrderController.h */,
				180E22B120614B5600FF21BB /* PIHomeOrderController.m */,
			);
			path = Controller;
			sourceTree = "<group>";
		};
		18B095C2204C61CD00871845 /* Model */ = {
			isa = PBXGroup;
			children = (
			);
			path = Model;
			sourceTree = "<group>";
		};
		18B095C3204C61CD00871845 /* View */ = {
			isa = PBXGroup;
			children = (
				18B095C4204C61CD00871845 /* PIHomeBottomView.h */,
				18B095C5204C61CD00871845 /* PIHomeBottomView.m */,
				18B095C6204C61CD00871845 /* PIHomeItemCell.h */,
				18B095C7204C61CD00871845 /* PIHomeItemCell.m */,
				18B095C8204C61CD00871845 /* PIHomeItemView.h */,
				18B095C9204C61CD00871845 /* PIHomeItemView.m */,
				18B095CA204C61CD00871845 /* PIHomeMainView.h */,
				18B095CB204C61CD00871845 /* PIHomeMainView.m */,
				18B096E4204EDAFA00871845 /* PIImageUpBtn.h */,
				18B096E5204EDAFA00871845 /* PIImageUpBtn.m */,
			);
			path = View;
			sourceTree = "<group>";
		};
		18B095D4204C622600871845 /* Login */ = {
			isa = PBXGroup;
			children = (
				18B095D5204C622600871845 /* Controller */,
				18B095DC204C622600871845 /* DataManager */,
				18B095DF204C622600871845 /* Model */,
				18B095E0204C622600871845 /* View */,
			);
			path = Login;
			sourceTree = "<group>";
		};
		18B095D5204C622600871845 /* Controller */ = {
			isa = PBXGroup;
			children = (
				18B095D6204C622600871845 /* PILoginViewController.h */,
				18B095D7204C622600871845 /* PILoginViewController.m */,
				18B095D8204C622600871845 /* PIRegisterViewController.h */,
				18B095D9204C622600871845 /* PIRegisterViewController.m */,
				18B095DA204C622600871845 /* PISetPassWViewController.h */,
				18B095DB204C622600871845 /* PISetPassWViewController.m */,
				180E22BF20628B7500FF21BB /* PIForgetViewController.h */,
				180E22C020628B7500FF21BB /* PIForgetViewController.m */,
			);
			path = Controller;
			sourceTree = "<group>";
		};
		18B095DC204C622600871845 /* DataManager */ = {
			isa = PBXGroup;
			children = (
				18B095DD204C622600871845 /* PILoginManager.h */,
				18B095DE204C622600871845 /* PILoginManager.m */,
			);
			path = DataManager;
			sourceTree = "<group>";
		};
		18B095DF204C622600871845 /* Model */ = {
			isa = PBXGroup;
			children = (
			);
			path = Model;
			sourceTree = "<group>";
		};
		18B095E0204C622600871845 /* View */ = {
			isa = PBXGroup;
			children = (
				18B095E1204C622600871845 /* PILoginFieldView.h */,
				18B095E2204C622600871845 /* PILoginFieldView.m */,
				18B095E3204C622600871845 /* PIThirdLoginView.h */,
				18B095E4204C622600871845 /* PIThirdLoginView.m */,
				18B095E5204C622600871845 /* PIVerificationBtn.h */,
				18B095E6204C622600871845 /* PIVerificationBtn.m */,
				180E22C22062922700FF21BB /* PILoginField.h */,
				180E22C32062922700FF21BB /* PILoginField.m */,
			);
			path = View;
			sourceTree = "<group>";
		};
		18B095EE204C626000871845 /* Tool */ = {
			isa = PBXGroup;
			children = (
				18B095EF204C626000871845 /* CodeTool */,
				18B095F8204C626000871845 /* HttpTool */,
				18B095FB204C626000871845 /* Location */,
				18B09600204C626000871845 /* PITool.h */,
				18B09601204C626000871845 /* PITool.m */,
				18B09602204C626000871845 /* UserInfo */,
			);
			path = Tool;
			sourceTree = "<group>";
		};
		18B095EF204C626000871845 /* CodeTool */ = {
			isa = PBXGroup;
			children = (
				18B095F0204C626000871845 /* PICodeViewController.h */,
				18B095F1204C626000871845 /* PICodeViewController.m */,
				18B095F2204C626000871845 /* shaoma.png */,
				18B095F3204C626000871845 /* shaoma@2x.png */,
				18B095F4204C626000871845 /* shaoma@3x.png */,
				18B095F5204C626000871845 /* shaomacenter.png */,
				18B095F6204C626000871845 /* shaomacenter@2x.png */,
				18B095F7204C626000871845 /* shaomacenter@3x.png */,
			);
			path = CodeTool;
			sourceTree = "<group>";
		};
		18B095F8204C626000871845 /* HttpTool */ = {
			isa = PBXGroup;
			children = (
				18B095F9204C626000871845 /* PIHttpTool.h */,
				18B095FA204C626000871845 /* PIHttpTool.m */,
			);
			path = HttpTool;
			sourceTree = "<group>";
		};
		18B095FB204C626000871845 /* Location */ = {
			isa = PBXGroup;
			children = (
				18B095FC204C626000871845 /* PILocationTool.h */,
				18B095FD204C626000871845 /* PILocationTool.m */,
				18B095FE204C626000871845 /* PIMapManager.h */,
				18B095FF204C626000871845 /* PIMapManager.m */,
			);
			path = Location;
			sourceTree = "<group>";
		};
		18B09602204C626000871845 /* UserInfo */ = {
			isa = PBXGroup;
			children = (
				18B09603204C626000871845 /* PILoginInfoTool.h */,
				18B09604204C626000871845 /* PILoginInfoTool.m */,
			);
			path = UserInfo;
			sourceTree = "<group>";
		};
		18B09611204C629E00871845 /* Main */ = {
			isa = PBXGroup;
			children = (
				18B09612204C629E00871845 /* Base */,
				18B09620204C629E00871845 /* Category */,
				18B09631204C629E00871845 /* Lib */,
			);
			path = Main;
			sourceTree = "<group>";
		};
		18B09612204C629E00871845 /* Base */ = {
			isa = PBXGroup;
			children = (
				18B09613204C629E00871845 /* Controller */,
				18B0961A204C629E00871845 /* Model */,
				18B0961D204C629E00871845 /* View */,
			);
			path = Base;
			sourceTree = "<group>";
		};
		18B09613204C629E00871845 /* Controller */ = {
			isa = PBXGroup;
			children = (
				18B09614204C629E00871845 /* PIBaseViewController.h */,
				18B09615204C629E00871845 /* PIBaseViewController.m */,
				18B09616204C629E00871845 /* PINavigationController.h */,
				18B09617204C629E00871845 /* PINavigationController.m */,
				18B09618204C629E00871845 /* PITabBarController.h */,
				18B09619204C629E00871845 /* PITabBarController.m */,
			);
			path = Controller;
			sourceTree = "<group>";
		};
		18B0961A204C629E00871845 /* Model */ = {
			isa = PBXGroup;
			children = (
				18B0961B204C629E00871845 /* PIBaseModel.h */,
				18B0961C204C629E00871845 /* PIBaseModel.m */,
			);
			path = Model;
			sourceTree = "<group>";
		};
		18B0961D204C629E00871845 /* View */ = {
			isa = PBXGroup;
			children = (
				18B0961E204C629E00871845 /* PIBottomBtn.h */,
				18B0961F204C629E00871845 /* PIBottomBtn.m */,
				1845B371206D2059007B3FE2 /* PILeftImageBtn.h */,
				1845B372206D2059007B3FE2 /* PILeftImageBtn.m */,
			);
			path = View;
			sourceTree = "<group>";
		};
		18B09620204C629E00871845 /* Category */ = {
			isa = PBXGroup;
			children = (
				18B09621204C629E00871845 /* AppDelegate+PIExtension.h */,
				18B09622204C629E00871845 /* AppDelegate+PIExtension.m */,
				18B09623204C629E00871845 /* MBProgressHUD+PI.h */,
				18B09624204C629E00871845 /* MBProgressHUD+PI.m */,
				18B09625204C629E00871845 /* NSString+Exrtension.h */,
				18B09626204C629E00871845 /* NSString+Exrtension.m */,
				18B09627204C629E00871845 /* UIBarButtonItem+PI.h */,
				18B09628204C629E00871845 /* UIBarButtonItem+PI.m */,
				18B09629204C629E00871845 /* UIButton+Extension.h */,
				18B0962A204C629E00871845 /* UIButton+Extension.m */,
				18B0962B204C629E00871845 /* UILabel+Extension.h */,
				18B0962C204C629E00871845 /* UILabel+Extension.m */,
				18B0962D204C629E00871845 /* UIView+ParentController.h */,
				18B0962E204C629E00871845 /* UIView+ParentController.m */,
				18B0962F204C629E00871845 /* UIView+PIExtension.h */,
				18B09630204C629E00871845 /* UIView+PIExtension.m */,
				18B0970320518CEE00871845 /* UITableViewCell+Extension.h */,
				18B0970420518CEE00871845 /* UITableViewCell+Extension.m */,
				180E22B62061557000FF21BB /* UIImage+Extension.h */,
				180E22B72061557000FF21BB /* UIImage+Extension.m */,
			);
			path = Category;
			sourceTree = "<group>";
		};
		18B09631204C629E00871845 /* Lib */ = {
			isa = PBXGroup;
			children = (
				183C6696206A73C100908E21 /* Alipay */,
			);
			path = Lib;
			sourceTree = "<group>";
		};
		18B09664204C652300871845 /* Other */ = {
			isa = PBXGroup;
			children = (
				18B09665204C652300871845 /* AppDelegate.h */,
				18B09666204C652300871845 /* AppDelegate.m */,
				18B09667204C652300871845 /* parkingHeader.pch */,
				18B09668204C652300871845 /* PIConst.h */,
				18B09669204C652300871845 /* PIConst.m */,
				18B0966A204C652300871845 /* PIToolHeader.h */,
			);
			path = Other;
			sourceTree = "<group>";
		};
		18B0966D204C65D700871845 /* Support Files */ = {
			isa = PBXGroup;
			children = (
				18B0967A204C668000871845 /* Info.plist */,
				18B0966E204C65D700871845 /* Assets.xcassets */,
				18B0966F204C65D700871845 /* LaunchScreen.storyboard */,
				18B09671204C65D700871845 /* Main.storyboard */,
				18B09673204C65D700871845 /* keystore.cer */,
				18B09674204C65D700871845 /* main.m */,
			);
			path = "Support Files";
			sourceTree = "<group>";
		};
		18B0970620518DF400871845 /* Personal */ = {
			isa = PBXGroup;
			children = (
				18B0970720518DF400871845 /* Controller */,
				18B0970820518DF400871845 /* Model */,
				18B0970920518DF400871845 /* View */,
			);
			path = Personal;
			sourceTree = "<group>";
		};
		18B0970720518DF400871845 /* Controller */ = {
			isa = PBXGroup;
			children = (
				18B0970A20518E2B00871845 /* PIPersonalController.h */,
				18B0970B20518E2B00871845 /* PIPersonalController.m */,
			);
			path = Controller;
			sourceTree = "<group>";
		};
		18B0970820518DF400871845 /* Model */ = {
			isa = PBXGroup;
			children = (
			);
			path = Model;
			sourceTree = "<group>";
		};
		18B0970920518DF400871845 /* View */ = {
			isa = PBXGroup;
			children = (
			);
			path = View;
			sourceTree = "<group>";
		};
		2C868DF110EE56F0EB0EB620 /* Frameworks */ = {
			isa = PBXGroup;
			children = (
				183C66AF206A761B00908E21 /* CoreMotion.framework */,
				183C66AD206A760100908E21 /* CFNetwork.framework */,
				183C66AB206A75F400908E21 /* Foundation.framework */,
				183C66A9206A75E100908E21 /* UIKit.framework */,
				183C66A7206A75CE00908E21 /* CoreGraphics.framework */,
				183C66A5206A75AF00908E21 /* CoreText.framework */,
				183C66A3206A759E00908E21 /* QuartzCore.framework */,
				183C66A1206A744D00908E21 /* CoreTelephony.framework */,
				183C669F206A743400908E21 /* SystemConfiguration.framework */,
				183C669D206A742900908E21 /* libz.tbd */,
				183C669B206A741400908E21 /* libc++.tbd */,
				AB5728185F18F73085A448AB /* libPods-Parking.a */,
			);
			name = Frameworks;
			sourceTree = "<group>";
		};
		D541285D22CCB77B015369DC /* Pods */ = {
			isa = PBXGroup;
			children = (
				9349DDA0ABEC8A2A985E6235 /* Pods-Parking.debug.xcconfig */,
				004A3E1F8EE38D86320430D9 /* Pods-Parking.release.xcconfig */,
			);
			name = Pods;
			sourceTree = "<group>";
		};
/* End PBXGroup section */

/* Begin PBXNativeTarget section */
		183A1F96201EC88B00F8B55F /* Parking */ = {
			isa = PBXNativeTarget;
			buildConfigurationList = 183A1FC3201EC88B00F8B55F /* Build configuration list for PBXNativeTarget "Parking" */;
			buildPhases = (
				97BF3536C53AA40492F3A398 /* [CP] Check Pods Manifest.lock */,
				183A1F93201EC88B00F8B55F /* Sources */,
				183A1F94201EC88B00F8B55F /* Frameworks */,
				183A1F95201EC88B00F8B55F /* Resources */,
				C4E5C8825BE08236B5BED316 /* [CP] Embed Pods Frameworks */,
				D054559450B233E4808563A5 /* [CP] Copy Pods Resources */,
			);
			buildRules = (
			);
			dependencies = (
			);
			name = Parking;
			productName = Parking;
			productReference = 183A1F97201EC88B00F8B55F /* Parking.app */;
			productType = "com.apple.product-type.application";
		};
		183A1FAE201EC88B00F8B55F /* ParkingTests */ = {
			isa = PBXNativeTarget;
			buildConfigurationList = 183A1FC6201EC88B00F8B55F /* Build configuration list for PBXNativeTarget "ParkingTests" */;
			buildPhases = (
				183A1FAB201EC88B00F8B55F /* Sources */,
				183A1FAC201EC88B00F8B55F /* Frameworks */,
				183A1FAD201EC88B00F8B55F /* Resources */,
			);
			buildRules = (
			);
			dependencies = (
				183A1FB1201EC88B00F8B55F /* PBXTargetDependency */,
			);
			name = ParkingTests;
			productName = ParkingTests;
			productReference = 183A1FAF201EC88B00F8B55F /* ParkingTests.xctest */;
			productType = "com.apple.product-type.bundle.unit-test";
		};
		183A1FB9201EC88B00F8B55F /* ParkingUITests */ = {
			isa = PBXNativeTarget;
			buildConfigurationList = 183A1FC9201EC88B00F8B55F /* Build configuration list for PBXNativeTarget "ParkingUITests" */;
			buildPhases = (
				183A1FB6201EC88B00F8B55F /* Sources */,
				183A1FB7201EC88B00F8B55F /* Frameworks */,
				183A1FB8201EC88B00F8B55F /* Resources */,
			);
			buildRules = (
			);
			dependencies = (
				183A1FBC201EC88B00F8B55F /* PBXTargetDependency */,
			);
			name = ParkingUITests;
			productName = ParkingUITests;
			productReference = 183A1FBA201EC88B00F8B55F /* ParkingUITests.xctest */;
			productType = "com.apple.product-type.bundle.ui-testing";
		};
/* End PBXNativeTarget section */

/* Begin PBXProject section */
		183A1F8F201EC88B00F8B55F /* Project object */ = {
			isa = PBXProject;
			attributes = {
				CLASSPREFIX = PI;
				LastUpgradeCheck = 0920;
				ORGANIZATIONNAME = GM;
				TargetAttributes = {
					183A1F96201EC88B00F8B55F = {
						CreatedOnToolsVersion = 9.2;
						ProvisioningStyle = Manual;
					};
					183A1FAE201EC88B00F8B55F = {
						CreatedOnToolsVersion = 9.2;
						ProvisioningStyle = Automatic;
						TestTargetID = 183A1F96201EC88B00F8B55F;
					};
					183A1FB9201EC88B00F8B55F = {
						CreatedOnToolsVersion = 9.2;
						ProvisioningStyle = Automatic;
						TestTargetID = 183A1F96201EC88B00F8B55F;
					};
				};
			};
			buildConfigurationList = 183A1F92201EC88B00F8B55F /* Build configuration list for PBXProject "Parking" */;
			compatibilityVersion = "Xcode 8.0";
			developmentRegion = en;
			hasScannedForEncodings = 0;
			knownRegions = (
				en,
				Base,
			);
			mainGroup = 183A1F8E201EC88B00F8B55F;
			productRefGroup = 183A1F98201EC88B00F8B55F /* Products */;
			projectDirPath = "";
			projectRoot = "";
			targets = (
				183A1F96201EC88B00F8B55F /* Parking */,
				183A1FAE201EC88B00F8B55F /* ParkingTests */,
				183A1FB9201EC88B00F8B55F /* ParkingUITests */,
			);
		};
/* End PBXProject section */

/* Begin PBXResourcesBuildPhase section */
		183A1F95201EC88B00F8B55F /* Resources */ = {
			isa = PBXResourcesBuildPhase;
			buildActionMask = 2147483647;
			files = (
				18B0960A204C626000871845 /* shaomacenter@2x.png in Resources */,
				18B09676204C65D700871845 /* LaunchScreen.storyboard in Resources */,
				180E22AF2061282C00FF21BB /* timg.jpeg in Resources */,
				183C6699206A73C100908E21 /* AlipaySDK.bundle in Resources */,
				18B09678204C65D700871845 /* keystore.cer in Resources */,
				18B09606204C626000871845 /* shaoma.png in Resources */,
				18B09608204C626000871845 /* shaoma@3x.png in Resources */,
				18B0960B204C626000871845 /* shaomacenter@3x.png in Resources */,
				18B09675204C65D700871845 /* Assets.xcassets in Resources */,
				18B09677204C65D700871845 /* Main.storyboard in Resources */,
				18B0967B204C668000871845 /* Info.plist in Resources */,
				18B09609204C626000871845 /* shaomacenter.png in Resources */,
				18B09607204C626000871845 /* shaoma@2x.png in Resources */,
			);
			runOnlyForDeploymentPostprocessing = 0;
		};
		183A1FAD201EC88B00F8B55F /* Resources */ = {
			isa = PBXResourcesBuildPhase;
			buildActionMask = 2147483647;
			files = (
			);
			runOnlyForDeploymentPostprocessing = 0;
		};
		183A1FB8201EC88B00F8B55F /* Resources */ = {
			isa = PBXResourcesBuildPhase;
			buildActionMask = 2147483647;
			files = (
			);
			runOnlyForDeploymentPostprocessing = 0;
		};
/* End PBXResourcesBuildPhase section */

/* Begin PBXShellScriptBuildPhase section */
		97BF3536C53AA40492F3A398 /* [CP] Check Pods Manifest.lock */ = {
			isa = PBXShellScriptBuildPhase;
			buildActionMask = 2147483647;
			files = (
			);
			inputPaths = (
				"${PODS_PODFILE_DIR_PATH}/Podfile.lock",
				"${PODS_ROOT}/Manifest.lock",
			);
			name = "[CP] Check Pods Manifest.lock";
			outputPaths = (
				"$(DERIVED_FILE_DIR)/Pods-Parking-checkManifestLockResult.txt",
			);
			runOnlyForDeploymentPostprocessing = 0;
			shellPath = /bin/sh;
			shellScript = "diff \"${PODS_PODFILE_DIR_PATH}/Podfile.lock\" \"${PODS_ROOT}/Manifest.lock\" > /dev/null\nif [ $? != 0 ] ; then\n    # print error to STDERR\n    echo \"error: The sandbox is not in sync with the Podfile.lock. Run 'pod install' or update your CocoaPods installation.\" >&2\n    exit 1\nfi\n# This output is used by Xcode 'outputs' to avoid re-running this script phase.\necho \"SUCCESS\" > \"${SCRIPT_OUTPUT_FILE_0}\"\n";
			showEnvVarsInLog = 0;
		};
		C4E5C8825BE08236B5BED316 /* [CP] Embed Pods Frameworks */ = {
			isa = PBXShellScriptBuildPhase;
			buildActionMask = 2147483647;
			files = (
			);
			inputPaths = (
			);
			name = "[CP] Embed Pods Frameworks";
			outputPaths = (
			);
			runOnlyForDeploymentPostprocessing = 0;
			shellPath = /bin/sh;
			shellScript = "\"${SRCROOT}/Pods/Target Support Files/Pods-Parking/Pods-Parking-frameworks.sh\"\n";
			showEnvVarsInLog = 0;
		};
		D054559450B233E4808563A5 /* [CP] Copy Pods Resources */ = {
			isa = PBXShellScriptBuildPhase;
			buildActionMask = 2147483647;
			files = (
			);
			inputPaths = (
				"${SRCROOT}/Pods/Target Support Files/Pods-Parking/Pods-Parking-resources.sh",
				"${PODS_ROOT}/AMap3DMap/MAMapKit.framework/AMap.bundle",
				"${PODS_ROOT}/IQKeyboardManager/IQKeyboardManager/Resources/IQKeyboardManager.bundle",
				"${PODS_ROOT}/MJRefresh/MJRefresh/MJRefresh.bundle",
				"${PODS_ROOT}/ZBarSDK/iphone/res/zbar-back.png",
				"${PODS_ROOT}/ZBarSDK/iphone/res/zbar-help.html",
				"${PODS_ROOT}/ZBarSDK/iphone/res/zbar-helpicons.png",
				"${PODS_ROOT}/ZBarSDK/iphone/res/zbar-samples.png",
			);
			name = "[CP] Copy Pods Resources";
			outputPaths = (
				"${TARGET_BUILD_DIR}/${UNLOCALIZED_RESOURCES_FOLDER_PATH}",
			);
			runOnlyForDeploymentPostprocessing = 0;
			shellPath = /bin/sh;
			shellScript = "\"${SRCROOT}/Pods/Target Support Files/Pods-Parking/Pods-Parking-resources.sh\"\n";
			showEnvVarsInLog = 0;
		};
/* End PBXShellScriptBuildPhase section */

/* Begin PBXSourcesBuildPhase section */
		183A1F93201EC88B00F8B55F /* Sources */ = {
			isa = PBXSourcesBuildPhase;
			buildActionMask = 2147483647;
			files = (
				18B0970C20518E2B00871845 /* PIPersonalController.m in Sources */,
				18B0966B204C652300871845 /* AppDelegate.m in Sources */,
				18B096AC204D812300871845 /* PIAddNoOwerHeaderView.m in Sources */,
				18B0963C204C629E00871845 /* UILabel+Extension.m in Sources */,
				18B09605204C626000871845 /* PICodeViewController.m in Sources */,
				18B0963A204C629E00871845 /* UIBarButtonItem+PI.m in Sources */,
				18B09639204C629E00871845 /* NSString+Exrtension.m in Sources */,
				1845B37C206D2C53007B3FE2 /* PIComCerShareCell.m in Sources */,
				18B09637204C629E00871845 /* AppDelegate+PIExtension.m in Sources */,
				18B09635204C629E00871845 /* PIBaseModel.m in Sources */,
				180E22C42062922700FF21BB /* PILoginField.m in Sources */,
				18B09633204C629E00871845 /* PINavigationController.m in Sources */,
				18B095E8204C622600871845 /* PIRegisterViewController.m in Sources */,
				18B0960F204C626000871845 /* PITool.m in Sources */,
				18B096A9204D80D700871845 /* PIAddNoOwerController.m in Sources */,
				18B096E3204ED2CC00871845 /* PIAddPersonCell.m in Sources */,
				18B095EC204C622600871845 /* PIThirdLoginView.m in Sources */,
				18B096E6204EDAFA00871845 /* PIImageUpBtn.m in Sources */,
				18B095ED204C622600871845 /* PIVerificationBtn.m in Sources */,
				18B0970520518CEF00871845 /* UITableViewCell+Extension.m in Sources */,
				18B0960D204C626000871845 /* PILocationTool.m in Sources */,
				1845B370206D1822007B3FE2 /* PIComCertiHeaderView.m in Sources */,
				18B09679204C65D700871845 /* main.m in Sources */,
				180E22B220614B5600FF21BB /* PIHomeOrderController.m in Sources */,
				18B095CC204C61CD00871845 /* PIAddDeviceController.m in Sources */,
				18B095CF204C61CD00871845 /* PIHomeViewController.m in Sources */,
				18B095CD204C61CD00871845 /* PIAddSubViewController.m in Sources */,
				18B095D0204C61CD00871845 /* PIHomeBottomView.m in Sources */,
				18B09634204C629E00871845 /* PITabBarController.m in Sources */,
				18B095CE204C61CD00871845 /* PIAddSubViewCell.m in Sources */,
				18B0963E204C629E00871845 /* UIView+PIExtension.m in Sources */,
				18B095EB204C622600871845 /* PILoginFieldView.m in Sources */,
				18B0966C204C652300871845 /* PIConst.m in Sources */,
				18B095EA204C622600871845 /* PILoginManager.m in Sources */,
				18B0960C204C626000871845 /* PIHttpTool.m in Sources */,
				18B09610204C626000871845 /* PILoginInfoTool.m in Sources */,
				18B095AC204C606400871845 /* PIMeViewController.m in Sources */,
				18B09638204C629E00871845 /* MBProgressHUD+PI.m in Sources */,
				1845B379206D2511007B3FE2 /* PIComCerNumberCell.m in Sources */,
				1845B373206D2059007B3FE2 /* PILeftImageBtn.m in Sources */,
				18B096B2204D9C8000871845 /* PIAddCarHeaderView.m in Sources */,
				18B095D1204C61CD00871845 /* PIHomeItemCell.m in Sources */,
				18B095D3204C61CD00871845 /* PIHomeMainView.m in Sources */,
				18B096A3204D668E00871845 /* PIAddPayViewController.m in Sources */,
				180E22C120628B7500FF21BB /* PIForgetViewController.m in Sources */,
				18B096E0204ECC3500871845 /* PICarNumCell.m in Sources */,
				18B0960E204C626000871845 /* PIMapManager.m in Sources */,
				18B095D2204C61CD00871845 /* PIHomeItemView.m in Sources */,
				18B096DD204EC3D700871845 /* PIAddWisedomeCarCell.m in Sources */,
				18B096A6204D6B2500871845 /* PIAddPayViewCell.m in Sources */,
				18B09632204C629E00871845 /* PIBaseViewController.m in Sources */,
				18B0963B204C629E00871845 /* UIButton+Extension.m in Sources */,
				1845B376206D2171007B3FE2 /* PIComCerBtnCell.m in Sources */,
				18B095B3204C60AD00871845 /* PIOrderViewController.m in Sources */,
				180E22B82061557000FF21BB /* UIImage+Extension.m in Sources */,
				18B095E9204C622600871845 /* PISetPassWViewController.m in Sources */,
				18B0963D204C629E00871845 /* UIView+ParentController.m in Sources */,
				18B09636204C629E00871845 /* PIBottomBtn.m in Sources */,
				18B095E7204C622600871845 /* PILoginViewController.m in Sources */,
				1845B36D206D1725007B3FE2 /* PIComCertifiController.m in Sources */,
			);
			runOnlyForDeploymentPostprocessing = 0;
		};
		183A1FAB201EC88B00F8B55F /* Sources */ = {
			isa = PBXSourcesBuildPhase;
			buildActionMask = 2147483647;
			files = (
				183A1FB4201EC88B00F8B55F /* ParkingTests.m in Sources */,
			);
			runOnlyForDeploymentPostprocessing = 0;
		};
		183A1FB6201EC88B00F8B55F /* Sources */ = {
			isa = PBXSourcesBuildPhase;
			buildActionMask = 2147483647;
			files = (
				183A1FBF201EC88B00F8B55F /* ParkingUITests.m in Sources */,
			);
			runOnlyForDeploymentPostprocessing = 0;
		};
/* End PBXSourcesBuildPhase section */

/* Begin PBXTargetDependency section */
		183A1FB1201EC88B00F8B55F /* PBXTargetDependency */ = {
			isa = PBXTargetDependency;
			target = 183A1F96201EC88B00F8B55F /* Parking */;
			targetProxy = 183A1FB0201EC88B00F8B55F /* PBXContainerItemProxy */;
		};
		183A1FBC201EC88B00F8B55F /* PBXTargetDependency */ = {
			isa = PBXTargetDependency;
			target = 183A1F96201EC88B00F8B55F /* Parking */;
			targetProxy = 183A1FBB201EC88B00F8B55F /* PBXContainerItemProxy */;
		};
/* End PBXTargetDependency section */

/* Begin PBXVariantGroup section */
		18B0966F204C65D700871845 /* LaunchScreen.storyboard */ = {
			isa = PBXVariantGroup;
			children = (
				18B09670204C65D700871845 /* Base */,
			);
			name = LaunchScreen.storyboard;
			sourceTree = "<group>";
		};
		18B09671204C65D700871845 /* Main.storyboard */ = {
			isa = PBXVariantGroup;
			children = (
				18B09672204C65D700871845 /* Base */,
			);
			name = Main.storyboard;
			sourceTree = "<group>";
		};
/* End PBXVariantGroup section */

/* Begin XCBuildConfiguration section */
		183A1FC1201EC88B00F8B55F /* Debug */ = {
			isa = XCBuildConfiguration;
			buildSettings = {
				ALWAYS_SEARCH_USER_PATHS = NO;
				CLANG_ANALYZER_NONNULL = YES;
				CLANG_ANALYZER_NUMBER_OBJECT_CONVERSION = YES_AGGRESSIVE;
				CLANG_CXX_LANGUAGE_STANDARD = "gnu++14";
				CLANG_CXX_LIBRARY = "libc++";
				CLANG_ENABLE_MODULES = YES;
				CLANG_ENABLE_OBJC_ARC = YES;
				CLANG_WARN_BLOCK_CAPTURE_AUTORELEASING = YES;
				CLANG_WARN_BOOL_CONVERSION = YES;
				CLANG_WARN_COMMA = YES;
				CLANG_WARN_CONSTANT_CONVERSION = YES;
				CLANG_WARN_DIRECT_OBJC_ISA_USAGE = YES_ERROR;
				CLANG_WARN_DOCUMENTATION_COMMENTS = YES;
				CLANG_WARN_EMPTY_BODY = YES;
				CLANG_WARN_ENUM_CONVERSION = YES;
				CLANG_WARN_INFINITE_RECURSION = YES;
				CLANG_WARN_INT_CONVERSION = YES;
				CLANG_WARN_NON_LITERAL_NULL_CONVERSION = YES;
				CLANG_WARN_OBJC_LITERAL_CONVERSION = YES;
				CLANG_WARN_OBJC_ROOT_CLASS = YES_ERROR;
				CLANG_WARN_RANGE_LOOP_ANALYSIS = YES;
				CLANG_WARN_STRICT_PROTOTYPES = YES;
				CLANG_WARN_SUSPICIOUS_MOVE = YES;
				CLANG_WARN_UNGUARDED_AVAILABILITY = YES_AGGRESSIVE;
				CLANG_WARN_UNREACHABLE_CODE = YES;
				CLANG_WARN__DUPLICATE_METHOD_MATCH = YES;
				CODE_SIGN_IDENTITY = "iPhone Developer";
				COPY_PHASE_STRIP = NO;
				DEBUG_INFORMATION_FORMAT = dwarf;
				ENABLE_STRICT_OBJC_MSGSEND = YES;
				ENABLE_TESTABILITY = YES;
				GCC_C_LANGUAGE_STANDARD = gnu11;
				GCC_DYNAMIC_NO_PIC = NO;
				GCC_NO_COMMON_BLOCKS = YES;
				GCC_OPTIMIZATION_LEVEL = 0;
				GCC_PREPROCESSOR_DEFINITIONS = (
					"DEBUG=1",
					"$(inherited)",
				);
				GCC_WARN_64_TO_32_BIT_CONVERSION = YES;
				GCC_WARN_ABOUT_RETURN_TYPE = YES_ERROR;
				GCC_WARN_UNDECLARED_SELECTOR = YES;
				GCC_WARN_UNINITIALIZED_AUTOS = YES_AGGRESSIVE;
				GCC_WARN_UNUSED_FUNCTION = YES;
				GCC_WARN_UNUSED_VARIABLE = YES;
				IPHONEOS_DEPLOYMENT_TARGET = 11.2;
				MTL_ENABLE_DEBUG_INFO = YES;
				ONLY_ACTIVE_ARCH = YES;
				SDKROOT = iphoneos;
			};
			name = Debug;
		};
		183A1FC2201EC88B00F8B55F /* Release */ = {
			isa = XCBuildConfiguration;
			buildSettings = {
				ALWAYS_SEARCH_USER_PATHS = NO;
				CLANG_ANALYZER_NONNULL = YES;
				CLANG_ANALYZER_NUMBER_OBJECT_CONVERSION = YES_AGGRESSIVE;
				CLANG_CXX_LANGUAGE_STANDARD = "gnu++14";
				CLANG_CXX_LIBRARY = "libc++";
				CLANG_ENABLE_MODULES = YES;
				CLANG_ENABLE_OBJC_ARC = YES;
				CLANG_WARN_BLOCK_CAPTURE_AUTORELEASING = YES;
				CLANG_WARN_BOOL_CONVERSION = YES;
				CLANG_WARN_COMMA = YES;
				CLANG_WARN_CONSTANT_CONVERSION = YES;
				CLANG_WARN_DIRECT_OBJC_ISA_USAGE = YES_ERROR;
				CLANG_WARN_DOCUMENTATION_COMMENTS = YES;
				CLANG_WARN_EMPTY_BODY = YES;
				CLANG_WARN_ENUM_CONVERSION = YES;
				CLANG_WARN_INFINITE_RECURSION = YES;
				CLANG_WARN_INT_CONVERSION = YES;
				CLANG_WARN_NON_LITERAL_NULL_CONVERSION = YES;
				CLANG_WARN_OBJC_LITERAL_CONVERSION = YES;
				CLANG_WARN_OBJC_ROOT_CLASS = YES_ERROR;
				CLANG_WARN_RANGE_LOOP_ANALYSIS = YES;
				CLANG_WARN_STRICT_PROTOTYPES = YES;
				CLANG_WARN_SUSPICIOUS_MOVE = YES;
				CLANG_WARN_UNGUARDED_AVAILABILITY = YES_AGGRESSIVE;
				CLANG_WARN_UNREACHABLE_CODE = YES;
				CLANG_WARN__DUPLICATE_METHOD_MATCH = YES;
				CODE_SIGN_IDENTITY = "iPhone Developer";
				COPY_PHASE_STRIP = NO;
				DEBUG_INFORMATION_FORMAT = "dwarf-with-dsym";
				ENABLE_NS_ASSERTIONS = NO;
				ENABLE_STRICT_OBJC_MSGSEND = YES;
				GCC_C_LANGUAGE_STANDARD = gnu11;
				GCC_NO_COMMON_BLOCKS = YES;
				GCC_WARN_64_TO_32_BIT_CONVERSION = YES;
				GCC_WARN_ABOUT_RETURN_TYPE = YES_ERROR;
				GCC_WARN_UNDECLARED_SELECTOR = YES;
				GCC_WARN_UNINITIALIZED_AUTOS = YES_AGGRESSIVE;
				GCC_WARN_UNUSED_FUNCTION = YES;
				GCC_WARN_UNUSED_VARIABLE = YES;
				IPHONEOS_DEPLOYMENT_TARGET = 11.2;
				MTL_ENABLE_DEBUG_INFO = NO;
				SDKROOT = iphoneos;
				VALIDATE_PRODUCT = YES;
			};
			name = Release;
		};
		183A1FC4201EC88B00F8B55F /* Debug */ = {
			isa = XCBuildConfiguration;
			baseConfigurationReference = 9349DDA0ABEC8A2A985E6235 /* Pods-Parking.debug.xcconfig */;
			buildSettings = {
				ASSETCATALOG_COMPILER_APPICON_NAME = AppIcon;
				CODE_SIGN_STYLE = Manual;
				DEVELOPMENT_TEAM = D2C4P929KB;
				FRAMEWORK_SEARCH_PATHS = (
					"$(inherited)",
					"$(PROJECT_DIR)/Parking/Classes/Main/Lib/Alipay",
				);
				GCC_PREFIX_HEADER = "$(SRCROOT)/Parking/Classes/Other/parkingHeader.pch";
				INFOPLIST_FILE = "$(SRCROOT)/Support Files/Info.plist";
				IPHONEOS_DEPLOYMENT_TARGET = 9.0;
				LD_RUNPATH_SEARCH_PATHS = "$(inherited) @executable_path/Frameworks";
				PRODUCT_BUNDLE_IDENTIFIER = com.Peterpan.Parking;
				PRODUCT_NAME = "$(TARGET_NAME)";
				PROVISIONING_PROFILE = "3e650a4a-2494-4755-8e85-ec8deeef2900";
				PROVISIONING_PROFILE_SPECIFIER = WisdomParking;
				TARGETED_DEVICE_FAMILY = 1;
			};
			name = Debug;
		};
		183A1FC5201EC88B00F8B55F /* Release */ = {
			isa = XCBuildConfiguration;
			baseConfigurationReference = 004A3E1F8EE38D86320430D9 /* Pods-Parking.release.xcconfig */;
			buildSettings = {
				ASSETCATALOG_COMPILER_APPICON_NAME = AppIcon;
				CODE_SIGN_STYLE = Manual;
				DEVELOPMENT_TEAM = D2C4P929KB;
				FRAMEWORK_SEARCH_PATHS = (
					"$(inherited)",
					"$(PROJECT_DIR)/Parking/Classes/Main/Lib/Alipay",
				);
				GCC_PREFIX_HEADER = "$(SRCROOT)/Parking/Classes/Other/parkingHeader.pch";
				INFOPLIST_FILE = "$(SRCROOT)/Support Files/Info.plist";
				IPHONEOS_DEPLOYMENT_TARGET = 9.0;
				LD_RUNPATH_SEARCH_PATHS = "$(inherited) @executable_path/Frameworks";
				PRODUCT_BUNDLE_IDENTIFIER = com.Peterpan.Parking;
				PRODUCT_NAME = "$(TARGET_NAME)";
				PROVISIONING_PROFILE = "3e650a4a-2494-4755-8e85-ec8deeef2900";
				PROVISIONING_PROFILE_SPECIFIER = WisdomParking;
				TARGETED_DEVICE_FAMILY = 1;
			};
			name = Release;
		};
		183A1FC7201EC88B00F8B55F /* Debug */ = {
			isa = XCBuildConfiguration;
			buildSettings = {
				BUNDLE_LOADER = "$(TEST_HOST)";
				CODE_SIGN_STYLE = Automatic;
				INFOPLIST_FILE = ParkingTests/Info.plist;
				LD_RUNPATH_SEARCH_PATHS = "$(inherited) @executable_path/Frameworks @loader_path/Frameworks";
				PRODUCT_BUNDLE_IDENTIFIER = com.parking.ParkingTests;
				PRODUCT_NAME = "$(TARGET_NAME)";
				TARGETED_DEVICE_FAMILY = "1,2";
				TEST_HOST = "$(BUILT_PRODUCTS_DIR)/Parking.app/Parking";
			};
			name = Debug;
		};
		183A1FC8201EC88B00F8B55F /* Release */ = {
			isa = XCBuildConfiguration;
			buildSettings = {
				BUNDLE_LOADER = "$(TEST_HOST)";
				CODE_SIGN_STYLE = Automatic;
				INFOPLIST_FILE = ParkingTests/Info.plist;
				LD_RUNPATH_SEARCH_PATHS = "$(inherited) @executable_path/Frameworks @loader_path/Frameworks";
				PRODUCT_BUNDLE_IDENTIFIER = com.parking.ParkingTests;
				PRODUCT_NAME = "$(TARGET_NAME)";
				TARGETED_DEVICE_FAMILY = "1,2";
				TEST_HOST = "$(BUILT_PRODUCTS_DIR)/Parking.app/Parking";
			};
			name = Release;
		};
		183A1FCA201EC88B00F8B55F /* Debug */ = {
			isa = XCBuildConfiguration;
			buildSettings = {
				CODE_SIGN_STYLE = Automatic;
				INFOPLIST_FILE = ParkingUITests/Info.plist;
				LD_RUNPATH_SEARCH_PATHS = "$(inherited) @executable_path/Frameworks @loader_path/Frameworks";
				PRODUCT_BUNDLE_IDENTIFIER = com.parking.ParkingUITests;
				PRODUCT_NAME = "$(TARGET_NAME)";
				TARGETED_DEVICE_FAMILY = "1,2";
				TEST_TARGET_NAME = Parking;
			};
			name = Debug;
		};
		183A1FCB201EC88B00F8B55F /* Release */ = {
			isa = XCBuildConfiguration;
			buildSettings = {
				CODE_SIGN_STYLE = Automatic;
				INFOPLIST_FILE = ParkingUITests/Info.plist;
				LD_RUNPATH_SEARCH_PATHS = "$(inherited) @executable_path/Frameworks @loader_path/Frameworks";
				PRODUCT_BUNDLE_IDENTIFIER = com.parking.ParkingUITests;
				PRODUCT_NAME = "$(TARGET_NAME)";
				TARGETED_DEVICE_FAMILY = "1,2";
				TEST_TARGET_NAME = Parking;
			};
			name = Release;
		};
/* End XCBuildConfiguration section */

/* Begin XCConfigurationList section */
		183A1F92201EC88B00F8B55F /* Build configuration list for PBXProject "Parking" */ = {
			isa = XCConfigurationList;
			buildConfigurations = (
				183A1FC1201EC88B00F8B55F /* Debug */,
				183A1FC2201EC88B00F8B55F /* Release */,
			);
			defaultConfigurationIsVisible = 0;
			defaultConfigurationName = Release;
		};
		183A1FC3201EC88B00F8B55F /* Build configuration list for PBXNativeTarget "Parking" */ = {
			isa = XCConfigurationList;
			buildConfigurations = (
				183A1FC4201EC88B00F8B55F /* Debug */,
				183A1FC5201EC88B00F8B55F /* Release */,
			);
			defaultConfigurationIsVisible = 0;
			defaultConfigurationName = Release;
		};
		183A1FC6201EC88B00F8B55F /* Build configuration list for PBXNativeTarget "ParkingTests" */ = {
			isa = XCConfigurationList;
			buildConfigurations = (
				183A1FC7201EC88B00F8B55F /* Debug */,
				183A1FC8201EC88B00F8B55F /* Release */,
			);
			defaultConfigurationIsVisible = 0;
			defaultConfigurationName = Release;
		};
		183A1FC9201EC88B00F8B55F /* Build configuration list for PBXNativeTarget "ParkingUITests" */ = {
			isa = XCConfigurationList;
			buildConfigurations = (
				183A1FCA201EC88B00F8B55F /* Debug */,
				183A1FCB201EC88B00F8B55F /* Release */,
			);
			defaultConfigurationIsVisible = 0;
			defaultConfigurationName = Release;
		};
/* End XCConfigurationList section */
	};
	rootObject = 183A1F8F201EC88B00F8B55F /* Project object */;
}
